// !$*UTF8*$!
{
	archiveVersion = 1;
	classes = {
	};
	objectVersion = 52;
	objects = {

/* Begin PBXBuildFile section */
		00010596233F5AD70073BFAF /* TestDataGenerator.swift in Sources */ = {isa = PBXBuildFile; fileRef = 00010595233F5AD70073BFAF /* TestDataGenerator.swift */; };
		0001059A23409DDF0073BFAF /* TestCoreDataStackHelper.swift in Sources */ = {isa = PBXBuildFile; fileRef = 0001059923409DDF0073BFAF /* TestCoreDataStackHelper.swift */; };
		000A9A111D09E5590045523A /* BSYearlySummaryGraphLinePresenter.swift in Sources */ = {isa = PBXBuildFile; fileRef = 000A9A0D1D09E5590045523A /* BSYearlySummaryGraphLinePresenter.swift */; };
		000A9A121D09E5590045523A /* BSYearlySummaryGraphLinePresenter.swift in Sources */ = {isa = PBXBuildFile; fileRef = 000A9A0D1D09E5590045523A /* BSYearlySummaryGraphLinePresenter.swift */; };
		000A9A1F1D09E99F0045523A /* BSMonthlySummaryGraphLinePresenter.swift in Sources */ = {isa = PBXBuildFile; fileRef = 000A9A1B1D09E99F0045523A /* BSMonthlySummaryGraphLinePresenter.swift */; };
		000A9A201D09E99F0045523A /* BSMonthlySummaryGraphLinePresenter.swift in Sources */ = {isa = PBXBuildFile; fileRef = 000A9A1B1D09E99F0045523A /* BSMonthlySummaryGraphLinePresenter.swift */; };
		000A9A271D09EA110045523A /* BSDailySummaryGraphLinePresenter.swift in Sources */ = {isa = PBXBuildFile; fileRef = 000A9A241D09EA110045523A /* BSDailySummaryGraphLinePresenter.swift */; };
		000A9A281D09EA110045523A /* BSDailySummaryGraphLinePresenter.swift in Sources */ = {isa = PBXBuildFile; fileRef = 000A9A241D09EA110045523A /* BSDailySummaryGraphLinePresenter.swift */; };
		000A9A2C1D09EA980045523A /* BSGraphLineControllerProtocol.swift in Sources */ = {isa = PBXBuildFile; fileRef = 000A9A291D09EA980045523A /* BSGraphLineControllerProtocol.swift */; };
		000A9A2D1D09EA980045523A /* BSGraphLineControllerProtocol.swift in Sources */ = {isa = PBXBuildFile; fileRef = 000A9A291D09EA980045523A /* BSGraphLineControllerProtocol.swift */; };
		000A9A301D09EA980045523A /* BSGraphLinePresenterProtocol.swift in Sources */ = {isa = PBXBuildFile; fileRef = 000A9A2B1D09EA980045523A /* BSGraphLinePresenterProtocol.swift */; };
		000A9A311D09EA980045523A /* BSGraphLinePresenterProtocol.swift in Sources */ = {isa = PBXBuildFile; fileRef = 000A9A2B1D09EA980045523A /* BSGraphLinePresenterProtocol.swift */; };
		000D04F31775C96C002D0AB8 /* Storyboard.storyboard in Resources */ = {isa = PBXBuildFile; fileRef = 000D04F21775C96C002D0AB8 /* Storyboard.storyboard */; };
		000D04F41775C96C002D0AB8 /* Storyboard.storyboard in Resources */ = {isa = PBXBuildFile; fileRef = 000D04F21775C96C002D0AB8 /* Storyboard.storyboard */; };
		0047E7D924BC751300FEE7B4 /* CoreDataPersistence in Frameworks */ = {isa = PBXBuildFile; productRef = 0047E7D824BC751300FEE7B4 /* CoreDataPersistence */; };
		0058AAE721766851007AD175 /* BSExpensesSummaryPieGraphPresenter.swift in Sources */ = {isa = PBXBuildFile; fileRef = 0058AAE121766851007AD175 /* BSExpensesSummaryPieGraphPresenter.swift */; };
		0058AAE821766851007AD175 /* BSExpensesSummaryPieGraphPresenter.swift in Sources */ = {isa = PBXBuildFile; fileRef = 0058AAE121766851007AD175 /* BSExpensesSummaryPieGraphPresenter.swift */; };
		0058AAE921766851007AD175 /* BSPieGraphPresenterProtocol.swift in Sources */ = {isa = PBXBuildFile; fileRef = 0058AAE221766851007AD175 /* BSPieGraphPresenterProtocol.swift */; };
		0058AAEA21766851007AD175 /* BSPieGraphPresenterProtocol.swift in Sources */ = {isa = PBXBuildFile; fileRef = 0058AAE221766851007AD175 /* BSPieGraphPresenterProtocol.swift */; };
		0058AAED21766851007AD175 /* BSPieGraphControllerProtocol.swift in Sources */ = {isa = PBXBuildFile; fileRef = 0058AAE521766851007AD175 /* BSPieGraphControllerProtocol.swift */; };
		0058AAEE21766851007AD175 /* BSPieGraphControllerProtocol.swift in Sources */ = {isa = PBXBuildFile; fileRef = 0058AAE521766851007AD175 /* BSPieGraphControllerProtocol.swift */; };
		007B824D177476780052FE84 /* Foundation.framework in Frameworks */ = {isa = PBXBuildFile; fileRef = 007B824C177476780052FE84 /* Foundation.framework */; };
		007B824F177476780052FE84 /* CoreGraphics.framework in Frameworks */ = {isa = PBXBuildFile; fileRef = 007B824E177476780052FE84 /* CoreGraphics.framework */; };
		007B8251177476780052FE84 /* UIKit.framework in Frameworks */ = {isa = PBXBuildFile; fileRef = 007B8250177476780052FE84 /* UIKit.framework */; };
		007B8253177476780052FE84 /* CoreData.framework in Frameworks */ = {isa = PBXBuildFile; fileRef = 007B8252177476780052FE84 /* CoreData.framework */; };
		007B8259177476780052FE84 /* InfoPlist.strings in Resources */ = {isa = PBXBuildFile; fileRef = 007B8257177476780052FE84 /* InfoPlist.strings */; };
		007B8262177476780052FE84 /* Expenses.xcdatamodeld in Sources */ = {isa = PBXBuildFile; fileRef = 007B8260177476780052FE84 /* Expenses.xcdatamodeld */; };
		007B8264177476780052FE84 /* Images.xcassets in Resources */ = {isa = PBXBuildFile; fileRef = 007B8263177476780052FE84 /* Images.xcassets */; };
		007B826B177476780052FE84 /* XCTest.framework in Frameworks */ = {isa = PBXBuildFile; fileRef = 007B826A177476780052FE84 /* XCTest.framework */; };
		007B826C177476780052FE84 /* Foundation.framework in Frameworks */ = {isa = PBXBuildFile; fileRef = 007B824C177476780052FE84 /* Foundation.framework */; };
		007B826D177476780052FE84 /* UIKit.framework in Frameworks */ = {isa = PBXBuildFile; fileRef = 007B8250177476780052FE84 /* UIKit.framework */; };
		007B8276177476780052FE84 /* InfoPlist.strings in Resources */ = {isa = PBXBuildFile; fileRef = 007B8274177476780052FE84 /* InfoPlist.strings */; };
		008E7410236C292B00762E08 /* EntryBoxView.swift in Sources */ = {isa = PBXBuildFile; fileRef = 008E740F236C292B00762E08 /* EntryBoxView.swift */; };
		008E7412236CC54C00762E08 /* GridView.swift in Sources */ = {isa = PBXBuildFile; fileRef = 008E7411236CC54C00762E08 /* GridView.swift */; };
		008E7424236D840300762E08 /* HorizontalEntryView.swift in Sources */ = {isa = PBXBuildFile; fileRef = 008E7423236D840300762E08 /* HorizontalEntryView.swift */; };
		00A38C132454ABBD00E05596 /* ListView.swift in Sources */ = {isa = PBXBuildFile; fileRef = 008E7421236D814000762E08 /* ListView.swift */; };
		00A38C162454D02D00E05596 /* AppDelegate.swift in Sources */ = {isa = PBXBuildFile; fileRef = 00A38C142454D02D00E05596 /* AppDelegate.swift */; };
		00A38C172454D02D00E05596 /* SceneDelegate.swift in Sources */ = {isa = PBXBuildFile; fileRef = 00A38C152454D02D00E05596 /* SceneDelegate.swift */; };
		00A38C1D245574D500E05596 /* Environment.swift in Sources */ = {isa = PBXBuildFile; fileRef = 00A38C1C245574D500E05596 /* Environment.swift */; };
		00A6DA0724BA08A500562426 /* CoreExpenses in Frameworks */ = {isa = PBXBuildFile; productRef = 00A6DA0624BA08A500562426 /* CoreExpenses */; };
		00A6DA0F24BAEFD000562426 /* Expenses.xcdatamodeld in Sources */ = {isa = PBXBuildFile; fileRef = 007B8260177476780052FE84 /* Expenses.xcdatamodeld */; };
		00AA901224863CB70099AAC1 /* EntryFormView.swift in Sources */ = {isa = PBXBuildFile; fileRef = 00AA901124863CB70099AAC1 /* EntryFormView.swift */; };
		00AA9017248683A20099AAC1 /* EntryFormNavigationCoordinator.swift in Sources */ = {isa = PBXBuildFile; fileRef = 00AA9016248683A20099AAC1 /* EntryFormNavigationCoordinator.swift */; };
		00AA90192487BE420099AAC1 /* CategoryPickerView.swift in Sources */ = {isa = PBXBuildFile; fileRef = 00AA90182487BE420099AAC1 /* CategoryPickerView.swift */; };
		00AA901B2487D5770099AAC1 /* DatePickerView.swift in Sources */ = {isa = PBXBuildFile; fileRef = 00AA901A2487D5770099AAC1 /* DatePickerView.swift */; };
		00AA9022248930250099AAC1 /* TODO.txt in Resources */ = {isa = PBXBuildFile; fileRef = 00AA9021248930250099AAC1 /* TODO.txt */; };
		00AA9024248A30550099AAC1 /* CategoryFilterView.swift in Sources */ = {isa = PBXBuildFile; fileRef = 00AA9023248A30550099AAC1 /* CategoryFilterView.swift */; };
		00AA902C248A5BB90099AAC1 /* CategoryFilterNavigationCoordinator.swift in Sources */ = {isa = PBXBuildFile; fileRef = 00AA902B248A5BB90099AAC1 /* CategoryFilterNavigationCoordinator.swift */; };
		00AA9030248CDBA10099AAC1 /* NavigationButtons.swift in Sources */ = {isa = PBXBuildFile; fileRef = 00AA902F248CDBA10099AAC1 /* NavigationButtons.swift */; };
		00BDC3AA24571A1A0066662A /* ExpensesSummaryNavigationCoordinator.swift in Sources */ = {isa = PBXBuildFile; fileRef = 00BDC3A924571A1A0066662A /* ExpensesSummaryNavigationCoordinator.swift */; };
		00BDC3B4245752940066662A /* ExpensesSummaryNavigationView.swift in Sources */ = {isa = PBXBuildFile; fileRef = 00BDC3B3245752940066662A /* ExpensesSummaryNavigationView.swift */; };
		00C21385217BB03000805207 /* PieChartPresentationController.swift in Sources */ = {isa = PBXBuildFile; fileRef = 00C21384217BB03000805207 /* PieChartPresentationController.swift */; };
		00C21386217BB03000805207 /* PieChartPresentationController.swift in Sources */ = {isa = PBXBuildFile; fileRef = 00C21384217BB03000805207 /* PieChartPresentationController.swift */; };
		00C273DA249F205300E1DF0F /* BSExpensesSummaryPieGraphController.swift in Sources */ = {isa = PBXBuildFile; fileRef = 0058AAE421766851007AD175 /* BSExpensesSummaryPieGraphController.swift */; };
		00C273DB249F205600E1DF0F /* BSExpensesSummaryPieGraphController.swift in Sources */ = {isa = PBXBuildFile; fileRef = 0058AAE421766851007AD175 /* BSExpensesSummaryPieGraphController.swift */; };
		00C273E5249F241F00E1DF0F /* YearlySummaryTests.swift in Sources */ = {isa = PBXBuildFile; fileRef = 0001059723409B440073BFAF /* YearlySummaryTests.swift */; };
		00C273EC249F501C00E1DF0F /* TestHelpers.swift in Sources */ = {isa = PBXBuildFile; fileRef = 00C273EB249F501C00E1DF0F /* TestHelpers.swift */; };
		00C64320253EA5DB000FC683 /* Currencies in Frameworks */ = {isa = PBXBuildFile; productRef = 00C6431F253EA5DB000FC683 /* Currencies */; };
		00D7165C24B5E4DB0057281C /* DateAndTime in Frameworks */ = {isa = PBXBuildFile; productRef = 00D7165B24B5E4DB0057281C /* DateAndTime */; };
		00D869B52494DD3A007B0A46 /* NavigationButtonsPresenter.swift in Sources */ = {isa = PBXBuildFile; fileRef = 00D869B42494DD3A007B0A46 /* NavigationButtonsPresenter.swift */; };
		00D869B72494F61D007B0A46 /* CategoryFilterButtonView.swift in Sources */ = {isa = PBXBuildFile; fileRef = 00D869B62494F61D007B0A46 /* CategoryFilterButtonView.swift */; };
		00D869B92494F751007B0A46 /* AddEntryButton.swift in Sources */ = {isa = PBXBuildFile; fileRef = 00D869B82494F751007B0A46 /* AddEntryButton.swift */; };
		00D869BB24954D21007B0A46 /* Arc.swift in Sources */ = {isa = PBXBuildFile; fileRef = 00D869BA24954D21007B0A46 /* Arc.swift */; };
		00D869BD24954DBE007B0A46 /* PieChartView.swift in Sources */ = {isa = PBXBuildFile; fileRef = 00D869BC24954DBE007B0A46 /* PieChartView.swift */; };
		00D869CF249B805A007B0A46 /* PieChartSectionInfoViewModel.swift in Sources */ = {isa = PBXBuildFile; fileRef = 00D869CE249B805A007B0A46 /* PieChartSectionInfoViewModel.swift */; };
		00D86AE5249BD286007B0A46 /* PieChartPresenter.swift in Sources */ = {isa = PBXBuildFile; fileRef = 00D86AE4249BD286007B0A46 /* PieChartPresenter.swift */; };
		00D86C4F249D4E4E007B0A46 /* CategoryPieChartNavigationCoordinator.swift in Sources */ = {isa = PBXBuildFile; fileRef = 00D86C4E249D4E4E007B0A46 /* CategoryPieChartNavigationCoordinator.swift */; };
		00E10E0F24C15F4C000F3309 /* MonthlySummaryTests.swift in Sources */ = {isa = PBXBuildFile; fileRef = 00374F4624A264CF00D69BFB /* MonthlySummaryTests.swift */; };
		00E72AFD246FD10C00C89235 /* GridViewSectionHeader.swift in Sources */ = {isa = PBXBuildFile; fileRef = 0044F823245E98EE009EEB1B /* GridViewSectionHeader.swift */; };
		00E72B0D2472EFD600C89235 /* GridViewSectionBody.swift in Sources */ = {isa = PBXBuildFile; fileRef = 00E72B0C2472EFD600C89235 /* GridViewSectionBody.swift */; };
		00E72B0F2472F29A00C89235 /* GridViewSectionBodyRow.swift in Sources */ = {isa = PBXBuildFile; fileRef = 00E72B0E2472F29A00C89235 /* GridViewSectionBodyRow.swift */; };
		00E72B112472F72700C89235 /* GridViewSectionBodyRowNavCell.swift in Sources */ = {isa = PBXBuildFile; fileRef = 00E72B102472F72700C89235 /* GridViewSectionBodyRowNavCell.swift */; };
/* End PBXBuildFile section */

/* Begin PBXContainerItemProxy section */
		002F631424BD90FD00439468 /* PBXContainerItemProxy */ = {
			isa = PBXContainerItemProxy;
			containerPortal = 007B8241177476780052FE84 /* Project object */;
			proxyType = 1;
			remoteGlobalIDString = 007B8248177476780052FE84;
			remoteInfo = Expensit;
		};
/* End PBXContainerItemProxy section */

/* Begin PBXFileReference section */
		00010595233F5AD70073BFAF /* TestDataGenerator.swift */ = {isa = PBXFileReference; lastKnownFileType = sourcecode.swift; path = TestDataGenerator.swift; sourceTree = "<group>"; };
		0001059723409B440073BFAF /* YearlySummaryTests.swift */ = {isa = PBXFileReference; lastKnownFileType = sourcecode.swift; path = YearlySummaryTests.swift; sourceTree = "<group>"; };
		0001059923409DDF0073BFAF /* TestCoreDataStackHelper.swift */ = {isa = PBXFileReference; lastKnownFileType = sourcecode.swift; path = TestCoreDataStackHelper.swift; sourceTree = "<group>"; };
		00084E4C24BC70520009EC98 /* CoreDataPersistence */ = {isa = PBXFileReference; lastKnownFileType = folder; path = CoreDataPersistence; sourceTree = "<group>"; };
		000A9A0C1D09E5590045523A /* BSYearlySummaryGraphLineController.swift */ = {isa = PBXFileReference; fileEncoding = 4; lastKnownFileType = sourcecode.swift; path = BSYearlySummaryGraphLineController.swift; sourceTree = "<group>"; };
		000A9A0D1D09E5590045523A /* BSYearlySummaryGraphLinePresenter.swift */ = {isa = PBXFileReference; fileEncoding = 4; lastKnownFileType = sourcecode.swift; path = BSYearlySummaryGraphLinePresenter.swift; sourceTree = "<group>"; };
		000A9A0E1D09E5590045523A /* BSYearlySummaryNavigationTransitionManager.swift */ = {isa = PBXFileReference; fileEncoding = 4; lastKnownFileType = sourcecode.swift; path = BSYearlySummaryNavigationTransitionManager.swift; sourceTree = "<group>"; };
		000A9A161D09E76D0045523A /* BSGraphViewController.h */ = {isa = PBXFileReference; fileEncoding = 4; lastKnownFileType = sourcecode.c.h; path = BSGraphViewController.h; sourceTree = "<group>"; };
		000A9A171D09E76D0045523A /* BSGraphViewController.m */ = {isa = PBXFileReference; fileEncoding = 4; lastKnownFileType = sourcecode.c.objc; path = BSGraphViewController.m; sourceTree = "<group>"; };
		000A9A1A1D09E99F0045523A /* BSMonthlySummaryGraphLineController.swift */ = {isa = PBXFileReference; fileEncoding = 4; lastKnownFileType = sourcecode.swift; path = BSMonthlySummaryGraphLineController.swift; sourceTree = "<group>"; };
		000A9A1B1D09E99F0045523A /* BSMonthlySummaryGraphLinePresenter.swift */ = {isa = PBXFileReference; fileEncoding = 4; lastKnownFileType = sourcecode.swift; path = BSMonthlySummaryGraphLinePresenter.swift; sourceTree = "<group>"; };
		000A9A1C1D09E99F0045523A /* BSMonthlySummaryNavigationTransitionManager.swift */ = {isa = PBXFileReference; fileEncoding = 4; lastKnownFileType = sourcecode.swift; path = BSMonthlySummaryNavigationTransitionManager.swift; sourceTree = "<group>"; };
		000A9A231D09EA110045523A /* BSDailySummaryGraphLineController.swift */ = {isa = PBXFileReference; fileEncoding = 4; lastKnownFileType = sourcecode.swift; path = BSDailySummaryGraphLineController.swift; sourceTree = "<group>"; };
		000A9A241D09EA110045523A /* BSDailySummaryGraphLinePresenter.swift */ = {isa = PBXFileReference; fileEncoding = 4; lastKnownFileType = sourcecode.swift; path = BSDailySummaryGraphLinePresenter.swift; sourceTree = "<group>"; };
		000A9A291D09EA980045523A /* BSGraphLineControllerProtocol.swift */ = {isa = PBXFileReference; fileEncoding = 4; lastKnownFileType = sourcecode.swift; path = BSGraphLineControllerProtocol.swift; sourceTree = "<group>"; };
		000A9A2B1D09EA980045523A /* BSGraphLinePresenterProtocol.swift */ = {isa = PBXFileReference; fileEncoding = 4; lastKnownFileType = sourcecode.swift; path = BSGraphLinePresenterProtocol.swift; sourceTree = "<group>"; };
		000A9A981D09F90E0045523A /* LineGraph.h */ = {isa = PBXFileReference; fileEncoding = 4; lastKnownFileType = sourcecode.c.h; path = LineGraph.h; sourceTree = "<group>"; };
		000A9A991D09F90E0045523A /* LineGraph.m */ = {isa = PBXFileReference; fileEncoding = 4; lastKnownFileType = sourcecode.c.objc; path = LineGraph.m; sourceTree = "<group>"; };
		000D047E1775A92F002D0AB8 /* libKiwi.a */ = {isa = PBXFileReference; lastKnownFileType = archive.ar; name = libKiwi.a; path = "../Kiwi/build/Debug-iphoneos/libKiwi.a"; sourceTree = "<group>"; };
		000D04F21775C96C002D0AB8 /* Storyboard.storyboard */ = {isa = PBXFileReference; fileEncoding = 4; lastKnownFileType = file.storyboard; path = Storyboard.storyboard; sourceTree = "<group>"; };
		000F8CBE2531F5120006C1E2 /* v1.0.10.xcdatamodel */ = {isa = PBXFileReference; lastKnownFileType = wrapper.xcdatamodel; path = v1.0.10.xcdatamodel; sourceTree = "<group>"; };
		001359B024B5B7200071AEBD /* CoreExpenses */ = {isa = PBXFileReference; lastKnownFileType = folder; path = CoreExpenses; sourceTree = "<group>"; };
		002E2EBD191EB93E003630B2 /* v1.0.7.xcdatamodel */ = {isa = PBXFileReference; lastKnownFileType = wrapper.xcdatamodel; path = v1.0.7.xcdatamodel; sourceTree = "<group>"; };
		00374F4624A264CF00D69BFB /* MonthlySummaryTests.swift */ = {isa = PBXFileReference; lastKnownFileType = sourcecode.swift; path = MonthlySummaryTests.swift; sourceTree = "<group>"; };
		0039450E1A990C110081A5EE /* libOCMock.a */ = {isa = PBXFileReference; lastKnownFileType = archive.ar; name = libOCMock.a; path = ExpensesTests/OCMock/libOCMock.a; sourceTree = "<group>"; };
		0044F823245E98EE009EEB1B /* GridViewSectionHeader.swift */ = {isa = PBXFileReference; lastKnownFileType = sourcecode.swift; path = GridViewSectionHeader.swift; sourceTree = "<group>"; };
		00478FB2253EA1E800D518C7 /* Currencies */ = {isa = PBXFileReference; lastKnownFileType = folder; path = Currencies; sourceTree = "<group>"; };
		00535F121E3FC76C00AD7A7C /* ExpensesSummaryType.h */ = {isa = PBXFileReference; lastKnownFileType = sourcecode.c.h; name = ExpensesSummaryType.h; path = "Expenses/src/Use cases/show/ExpensesSummaryType.h"; sourceTree = SOURCE_ROOT; };
		0058AAE121766851007AD175 /* BSExpensesSummaryPieGraphPresenter.swift */ = {isa = PBXFileReference; fileEncoding = 4; lastKnownFileType = sourcecode.swift; path = BSExpensesSummaryPieGraphPresenter.swift; sourceTree = "<group>"; };
		0058AAE221766851007AD175 /* BSPieGraphPresenterProtocol.swift */ = {isa = PBXFileReference; fileEncoding = 4; lastKnownFileType = sourcecode.swift; path = BSPieGraphPresenterProtocol.swift; sourceTree = "<group>"; };
		0058AAE421766851007AD175 /* BSExpensesSummaryPieGraphController.swift */ = {isa = PBXFileReference; fileEncoding = 4; lastKnownFileType = sourcecode.swift; path = BSExpensesSummaryPieGraphController.swift; sourceTree = "<group>"; };
		0058AAE521766851007AD175 /* BSPieGraphControllerProtocol.swift */ = {isa = PBXFileReference; fileEncoding = 4; lastKnownFileType = sourcecode.swift; path = BSPieGraphControllerProtocol.swift; sourceTree = "<group>"; };
		0073704124B58DDB00E10142 /* DateAndTime */ = {isa = PBXFileReference; lastKnownFileType = folder; name = DateAndTime; path = ../DateTimeHelper/DateAndTime; sourceTree = "<group>"; };
		0077D58B1CED11CB00003F71 /* ExpensesTests-Bridging-Header.h */ = {isa = PBXFileReference; fileEncoding = 4; lastKnownFileType = sourcecode.c.h; path = "ExpensesTests-Bridging-Header.h"; sourceTree = "<group>"; };
		0077D58C1CED11DC00003F71 /* Expenses-Bridging-Header.h */ = {isa = PBXFileReference; fileEncoding = 4; lastKnownFileType = sourcecode.c.h; path = "Expenses-Bridging-Header.h"; sourceTree = "<group>"; };
		007B8249177476780052FE84 /* Expensit.app */ = {isa = PBXFileReference; explicitFileType = wrapper.application; includeInIndex = 0; path = Expensit.app; sourceTree = BUILT_PRODUCTS_DIR; };
		007B824C177476780052FE84 /* Foundation.framework */ = {isa = PBXFileReference; lastKnownFileType = wrapper.framework; name = Foundation.framework; path = System/Library/Frameworks/Foundation.framework; sourceTree = SDKROOT; };
		007B824E177476780052FE84 /* CoreGraphics.framework */ = {isa = PBXFileReference; lastKnownFileType = wrapper.framework; name = CoreGraphics.framework; path = System/Library/Frameworks/CoreGraphics.framework; sourceTree = SDKROOT; };
		007B8250177476780052FE84 /* UIKit.framework */ = {isa = PBXFileReference; lastKnownFileType = wrapper.framework; name = UIKit.framework; path = System/Library/Frameworks/UIKit.framework; sourceTree = SDKROOT; };
		007B8252177476780052FE84 /* CoreData.framework */ = {isa = PBXFileReference; lastKnownFileType = wrapper.framework; name = CoreData.framework; path = System/Library/Frameworks/CoreData.framework; sourceTree = SDKROOT; };
		007B8256177476780052FE84 /* Expenses-Info.plist */ = {isa = PBXFileReference; lastKnownFileType = text.plist.xml; path = "Expenses-Info.plist"; sourceTree = "<group>"; };
		007B8258177476780052FE84 /* en */ = {isa = PBXFileReference; lastKnownFileType = text.plist.strings; name = en; path = en.lproj/InfoPlist.strings; sourceTree = "<group>"; };
		007B825A177476780052FE84 /* main.m */ = {isa = PBXFileReference; lastKnownFileType = sourcecode.c.objc; path = main.m; sourceTree = "<group>"; };
		007B825C177476780052FE84 /* Expenses-Prefix.pch */ = {isa = PBXFileReference; lastKnownFileType = sourcecode.c.h; path = "Expenses-Prefix.pch"; sourceTree = "<group>"; };
		007B8261177476780052FE84 /* Expenses.xcdatamodel */ = {isa = PBXFileReference; lastKnownFileType = wrapper.xcdatamodel; path = Expenses.xcdatamodel; sourceTree = "<group>"; };
		007B8263177476780052FE84 /* Images.xcassets */ = {isa = PBXFileReference; lastKnownFileType = folder.assetcatalog; path = Images.xcassets; sourceTree = "<group>"; };
		007B8269177476780052FE84 /* ExpensesTests.xctest */ = {isa = PBXFileReference; explicitFileType = wrapper.cfbundle; includeInIndex = 0; path = ExpensesTests.xctest; sourceTree = BUILT_PRODUCTS_DIR; };
		007B826A177476780052FE84 /* XCTest.framework */ = {isa = PBXFileReference; lastKnownFileType = wrapper.framework; name = XCTest.framework; path = Library/Frameworks/XCTest.framework; sourceTree = DEVELOPER_DIR; };
		007B8273177476780052FE84 /* ExpensesTests-Info.plist */ = {isa = PBXFileReference; lastKnownFileType = text.plist.xml; path = "ExpensesTests-Info.plist"; sourceTree = "<group>"; };
		007B8275177476780052FE84 /* en */ = {isa = PBXFileReference; lastKnownFileType = text.plist.strings; name = en; path = en.lproj/InfoPlist.strings; sourceTree = "<group>"; };
		007B82C0177591860052FE84 /* libCoreDataStackHelper.a */ = {isa = PBXFileReference; lastKnownFileType = archive.ar; name = libCoreDataStackHelper.a; path = "../CoreDataStackHelper/build/Debug-iphoneos/libCoreDataStackHelper.a"; sourceTree = "<group>"; };
		007B82C2177591A20052FE84 /* libCoreDataStackHelper.a */ = {isa = PBXFileReference; lastKnownFileType = archive.ar; name = libCoreDataStackHelper.a; path = "../CoreDataStackHelper/build/Debug-iphoneos/libCoreDataStackHelper.a"; sourceTree = "<group>"; };
		007B83051775A0370052FE84 /* libCoreDataStackHelper.a */ = {isa = PBXFileReference; lastKnownFileType = archive.ar; name = libCoreDataStackHelper.a; path = "../../../Library/Developer/Xcode/DerivedData/ExpensesAppWorkspace-cpawapuscsryhtapnkcwxzdyiduh/Build/Products/Debug-iphoneos/libCoreDataStackHelper.a"; sourceTree = "<group>"; };
		008E740F236C292B00762E08 /* EntryBoxView.swift */ = {isa = PBXFileReference; lastKnownFileType = sourcecode.swift; path = EntryBoxView.swift; sourceTree = "<group>"; };
		008E7411236CC54C00762E08 /* GridView.swift */ = {isa = PBXFileReference; fileEncoding = 4; lastKnownFileType = sourcecode.swift; path = GridView.swift; sourceTree = "<group>"; };
		008E7421236D814000762E08 /* ListView.swift */ = {isa = PBXFileReference; lastKnownFileType = sourcecode.swift; path = ListView.swift; sourceTree = "<group>"; };
		008E7423236D840300762E08 /* HorizontalEntryView.swift */ = {isa = PBXFileReference; lastKnownFileType = sourcecode.swift; path = HorizontalEntryView.swift; sourceTree = "<group>"; };
		009D011619430C6500B850D4 /* v1.0.8.xcdatamodel */ = {isa = PBXFileReference; lastKnownFileType = wrapper.xcdatamodel; path = v1.0.8.xcdatamodel; sourceTree = "<group>"; };
		00A38C142454D02D00E05596 /* AppDelegate.swift */ = {isa = PBXFileReference; fileEncoding = 4; lastKnownFileType = sourcecode.swift; name = AppDelegate.swift; path = Expenses/AppDelegate.swift; sourceTree = SOURCE_ROOT; };
		00A38C152454D02D00E05596 /* SceneDelegate.swift */ = {isa = PBXFileReference; fileEncoding = 4; lastKnownFileType = sourcecode.swift; name = SceneDelegate.swift; path = Expenses/SceneDelegate.swift; sourceTree = SOURCE_ROOT; };
		00A38C1C245574D500E05596 /* Environment.swift */ = {isa = PBXFileReference; lastKnownFileType = sourcecode.swift; path = Environment.swift; sourceTree = "<group>"; };
		00A5D45117B7D398003F81B5 /* BSConstants.h */ = {isa = PBXFileReference; fileEncoding = 4; lastKnownFileType = sourcecode.c.h; path = BSConstants.h; sourceTree = "<group>"; };
		00AA901124863CB70099AAC1 /* EntryFormView.swift */ = {isa = PBXFileReference; lastKnownFileType = sourcecode.swift; path = EntryFormView.swift; sourceTree = "<group>"; };
		00AA9016248683A20099AAC1 /* EntryFormNavigationCoordinator.swift */ = {isa = PBXFileReference; lastKnownFileType = sourcecode.swift; path = EntryFormNavigationCoordinator.swift; sourceTree = "<group>"; };
		00AA90182487BE420099AAC1 /* CategoryPickerView.swift */ = {isa = PBXFileReference; lastKnownFileType = sourcecode.swift; path = CategoryPickerView.swift; sourceTree = "<group>"; };
		00AA901A2487D5770099AAC1 /* DatePickerView.swift */ = {isa = PBXFileReference; lastKnownFileType = sourcecode.swift; path = DatePickerView.swift; sourceTree = "<group>"; };
		00AA9021248930250099AAC1 /* TODO.txt */ = {isa = PBXFileReference; lastKnownFileType = text; path = TODO.txt; sourceTree = "<group>"; };
		00AA9023248A30550099AAC1 /* CategoryFilterView.swift */ = {isa = PBXFileReference; lastKnownFileType = sourcecode.swift; path = CategoryFilterView.swift; sourceTree = "<group>"; };
		00AA902B248A5BB90099AAC1 /* CategoryFilterNavigationCoordinator.swift */ = {isa = PBXFileReference; lastKnownFileType = sourcecode.swift; path = CategoryFilterNavigationCoordinator.swift; sourceTree = "<group>"; };
		00AA902F248CDBA10099AAC1 /* NavigationButtons.swift */ = {isa = PBXFileReference; lastKnownFileType = sourcecode.swift; path = NavigationButtons.swift; sourceTree = "<group>"; };
		00BDC3A924571A1A0066662A /* ExpensesSummaryNavigationCoordinator.swift */ = {isa = PBXFileReference; lastKnownFileType = sourcecode.swift; path = ExpensesSummaryNavigationCoordinator.swift; sourceTree = "<group>"; };
		00BDC3B3245752940066662A /* ExpensesSummaryNavigationView.swift */ = {isa = PBXFileReference; lastKnownFileType = sourcecode.swift; path = ExpensesSummaryNavigationView.swift; sourceTree = "<group>"; };
		00C21384217BB03000805207 /* PieChartPresentationController.swift */ = {isa = PBXFileReference; fileEncoding = 4; lastKnownFileType = sourcecode.swift; path = PieChartPresentationController.swift; sourceTree = "<group>"; };
		00C213A6217BB2E800805207 /* BSCurrencyHelper.m */ = {isa = PBXFileReference; fileEncoding = 4; lastKnownFileType = sourcecode.c.objc; path = BSCurrencyHelper.m; sourceTree = "<group>"; };
		00C213A7217BB2E800805207 /* BSCurrencyHelper.h */ = {isa = PBXFileReference; fileEncoding = 4; lastKnownFileType = sourcecode.c.h; path = BSCurrencyHelper.h; sourceTree = "<group>"; };
		00C273EB249F501C00E1DF0F /* TestHelpers.swift */ = {isa = PBXFileReference; lastKnownFileType = sourcecode.swift; path = TestHelpers.swift; sourceTree = "<group>"; };
		00C370BD24AF8AFD00298CC0 /* v1.0.9.xcdatamodel */ = {isa = PBXFileReference; lastKnownFileType = wrapper.xcdatamodel; path = v1.0.9.xcdatamodel; sourceTree = "<group>"; };
		00D57E1A1F744BDE00EC9127 /* DailyTestHelper.h */ = {isa = PBXFileReference; lastKnownFileType = sourcecode.c.h; path = DailyTestHelper.h; sourceTree = "<group>"; };
		00D57E1B1F744BDE00EC9127 /* DailyTestHelper.m */ = {isa = PBXFileReference; lastKnownFileType = sourcecode.c.objc; path = DailyTestHelper.m; sourceTree = "<group>"; };
		00D869B42494DD3A007B0A46 /* NavigationButtonsPresenter.swift */ = {isa = PBXFileReference; lastKnownFileType = sourcecode.swift; path = NavigationButtonsPresenter.swift; sourceTree = "<group>"; };
		00D869B62494F61D007B0A46 /* CategoryFilterButtonView.swift */ = {isa = PBXFileReference; lastKnownFileType = sourcecode.swift; path = CategoryFilterButtonView.swift; sourceTree = "<group>"; };
		00D869B82494F751007B0A46 /* AddEntryButton.swift */ = {isa = PBXFileReference; lastKnownFileType = sourcecode.swift; path = AddEntryButton.swift; sourceTree = "<group>"; };
		00D869BA24954D21007B0A46 /* Arc.swift */ = {isa = PBXFileReference; lastKnownFileType = sourcecode.swift; path = Arc.swift; sourceTree = "<group>"; };
		00D869BC24954DBE007B0A46 /* PieChartView.swift */ = {isa = PBXFileReference; lastKnownFileType = sourcecode.swift; path = PieChartView.swift; sourceTree = "<group>"; };
		00D869CE249B805A007B0A46 /* PieChartSectionInfoViewModel.swift */ = {isa = PBXFileReference; lastKnownFileType = sourcecode.swift; path = PieChartSectionInfoViewModel.swift; sourceTree = "<group>"; };
		00D86AE4249BD286007B0A46 /* PieChartPresenter.swift */ = {isa = PBXFileReference; lastKnownFileType = sourcecode.swift; path = PieChartPresenter.swift; sourceTree = "<group>"; };
		00D86C4E249D4E4E007B0A46 /* CategoryPieChartNavigationCoordinator.swift */ = {isa = PBXFileReference; lastKnownFileType = sourcecode.swift; path = CategoryPieChartNavigationCoordinator.swift; sourceTree = "<group>"; };
		00E72B0C2472EFD600C89235 /* GridViewSectionBody.swift */ = {isa = PBXFileReference; lastKnownFileType = sourcecode.swift; path = GridViewSectionBody.swift; sourceTree = "<group>"; };
		00E72B0E2472F29A00C89235 /* GridViewSectionBodyRow.swift */ = {isa = PBXFileReference; lastKnownFileType = sourcecode.swift; path = GridViewSectionBodyRow.swift; sourceTree = "<group>"; };
		00E72B102472F72700C89235 /* GridViewSectionBodyRowNavCell.swift */ = {isa = PBXFileReference; lastKnownFileType = sourcecode.swift; path = GridViewSectionBodyRowNavCell.swift; sourceTree = "<group>"; };
		00F9213F1807456000CACB4D /* v1.0.1.xcdatamodel */ = {isa = PBXFileReference; lastKnownFileType = wrapper.xcdatamodel; path = v1.0.1.xcdatamodel; sourceTree = "<group>"; };
		E437B0D21F3767D9B88D5238 /* libPods-ExpensesTests.a */ = {isa = PBXFileReference; explicitFileType = archive.ar; includeInIndex = 0; path = "libPods-ExpensesTests.a"; sourceTree = BUILT_PRODUCTS_DIR; };
/* End PBXFileReference section */

/* Begin PBXFrameworksBuildPhase section */
		007B8246177476780052FE84 /* Frameworks */ = {
			isa = PBXFrameworksBuildPhase;
			buildActionMask = 2147483647;
			files = (
				00A6DA0724BA08A500562426 /* CoreExpenses in Frameworks */,
				007B824F177476780052FE84 /* CoreGraphics.framework in Frameworks */,
				0047E7D924BC751300FEE7B4 /* CoreDataPersistence in Frameworks */,
				007B8253177476780052FE84 /* CoreData.framework in Frameworks */,
				007B8251177476780052FE84 /* UIKit.framework in Frameworks */,
				00C64320253EA5DB000FC683 /* Currencies in Frameworks */,
				007B824D177476780052FE84 /* Foundation.framework in Frameworks */,
				00D7165C24B5E4DB0057281C /* DateAndTime in Frameworks */,
			);
			runOnlyForDeploymentPostprocessing = 0;
		};
		007B8266177476780052FE84 /* Frameworks */ = {
			isa = PBXFrameworksBuildPhase;
			buildActionMask = 2147483647;
			files = (
				007B826B177476780052FE84 /* XCTest.framework in Frameworks */,
				007B826D177476780052FE84 /* UIKit.framework in Frameworks */,
				007B826C177476780052FE84 /* Foundation.framework in Frameworks */,
			);
			runOnlyForDeploymentPostprocessing = 0;
		};
/* End PBXFrameworksBuildPhase section */

/* Begin PBXGroup section */
		000A9A081D09E5590045523A /* Line graph */ = {
			isa = PBXGroup;
			children = (
				000A9A151D09E76D0045523A /* Common */,
				000A9A091D09E5590045523A /* Daily results */,
				000A9A0A1D09E5590045523A /* Monthly results */,
				000A9A0B1D09E5590045523A /* Yearly results */,
			);
			path = "Line graph";
			sourceTree = "<group>";
		};
		000A9A091D09E5590045523A /* Daily results */ = {
			isa = PBXGroup;
			children = (
				000A9A231D09EA110045523A /* BSDailySummaryGraphLineController.swift */,
				000A9A241D09EA110045523A /* BSDailySummaryGraphLinePresenter.swift */,
			);
			path = "Daily results";
			sourceTree = "<group>";
		};
		000A9A0A1D09E5590045523A /* Monthly results */ = {
			isa = PBXGroup;
			children = (
				000A9A1A1D09E99F0045523A /* BSMonthlySummaryGraphLineController.swift */,
				000A9A1B1D09E99F0045523A /* BSMonthlySummaryGraphLinePresenter.swift */,
				000A9A1C1D09E99F0045523A /* BSMonthlySummaryNavigationTransitionManager.swift */,
			);
			path = "Monthly results";
			sourceTree = "<group>";
		};
		000A9A0B1D09E5590045523A /* Yearly results */ = {
			isa = PBXGroup;
			children = (
				000A9A0C1D09E5590045523A /* BSYearlySummaryGraphLineController.swift */,
				000A9A0D1D09E5590045523A /* BSYearlySummaryGraphLinePresenter.swift */,
				000A9A0E1D09E5590045523A /* BSYearlySummaryNavigationTransitionManager.swift */,
			);
			path = "Yearly results";
			sourceTree = "<group>";
		};
		000A9A151D09E76D0045523A /* Common */ = {
			isa = PBXGroup;
			children = (
				000A9A981D09F90E0045523A /* LineGraph.h */,
				000A9A991D09F90E0045523A /* LineGraph.m */,
				000A9A291D09EA980045523A /* BSGraphLineControllerProtocol.swift */,
				000A9A2B1D09EA980045523A /* BSGraphLinePresenterProtocol.swift */,
				000A9A161D09E76D0045523A /* BSGraphViewController.h */,
				000A9A171D09E76D0045523A /* BSGraphViewController.m */,
			);
			path = Common;
			sourceTree = "<group>";
		};
		000A9A321D09EB710045523A /* Add entry */ = {
			isa = PBXGroup;
			children = (
				00AA902D248A5C870099AAC1 /* Navigation */,
				00C213B9217BB3C800805207 /* Views */,
			);
			path = "Add entry";
			sourceTree = "<group>";
		};
		000A9A421D09ED0A0045523A /* Common */ = {
			isa = PBXGroup;
			children = (
				0058AA4821765F45007AD175 /* Views */,
				00535F121E3FC76C00AD7A7C /* ExpensesSummaryType.h */,
			);
			path = Common;
			sourceTree = "<group>";
		};
		000A9A9C1D09FAB00045523A /* Category filter */ = {
			isa = PBXGroup;
			children = (
				00C213D9217BB4D000805207 /* Views */,
			);
			path = "Category filter";
			sourceTree = "<group>";
		};
		000A9AB61D0C14000045523A /* Pie graph */ = {
			isa = PBXGroup;
			children = (
				000A9AB71D0C14000045523A /* Common */,
				000A9ABF1D0C14000045523A /* Daily results */,
				000A9AC21D0C14000045523A /* Monthly results */,
				000A9AC51D0C14000045523A /* Yearly results */,
			);
			path = "Pie graph";
			sourceTree = "<group>";
		};
		000A9AB71D0C14000045523A /* Common */ = {
			isa = PBXGroup;
			children = (
				0058AAE321766851007AD175 /* Controllers */,
				0058AAE021766851007AD175 /* Presenters */,
				0058AAE621766851007AD175 /* Views */,
			);
			path = Common;
			sourceTree = "<group>";
		};
		000A9ABF1D0C14000045523A /* Daily results */ = {
			isa = PBXGroup;
			children = (
			);
			path = "Daily results";
			sourceTree = "<group>";
		};
		000A9AC21D0C14000045523A /* Monthly results */ = {
			isa = PBXGroup;
			children = (
			);
			path = "Monthly results";
			sourceTree = "<group>";
		};
		000A9AC51D0C14000045523A /* Yearly results */ = {
			isa = PBXGroup;
			children = (
			);
			path = "Yearly results";
			sourceTree = "<group>";
		};
		0016A7392476F15900F47C99 /* Grid view */ = {
			isa = PBXGroup;
			children = (
				008E740F236C292B00762E08 /* EntryBoxView.swift */,
				008E7423236D840300762E08 /* HorizontalEntryView.swift */,
				008E7411236CC54C00762E08 /* GridView.swift */,
				0044F823245E98EE009EEB1B /* GridViewSectionHeader.swift */,
				00E72B0C2472EFD600C89235 /* GridViewSectionBody.swift */,
				00E72B0E2472F29A00C89235 /* GridViewSectionBodyRow.swift */,
				00E72B102472F72700C89235 /* GridViewSectionBodyRowNavCell.swift */,
			);
			path = "Grid view";
			sourceTree = "<group>";
		};
		00223BC1216A007200E76784 /* Data Sources */ = {
			isa = PBXGroup;
			children = (
			);
			path = "Data Sources";
			sourceTree = "<group>";
		};
		0058AA4821765F45007AD175 /* Views */ = {
			isa = PBXGroup;
			children = (
				00AA902E248CDA8A0099AAC1 /* Navigation Buttons */,
				0016A7392476F15900F47C99 /* Grid view */,
				00AA901024862BA90099AAC1 /* ListView */,
				00AA900724862B980099AAC1 /* Navigation */,
			);
			path = Views;
			sourceTree = "<group>";
		};
		0058AAE021766851007AD175 /* Presenters */ = {
			isa = PBXGroup;
			children = (
				0058AAE121766851007AD175 /* BSExpensesSummaryPieGraphPresenter.swift */,
				0058AAE221766851007AD175 /* BSPieGraphPresenterProtocol.swift */,
			);
			path = Presenters;
			sourceTree = "<group>";
		};
		0058AAE321766851007AD175 /* Controllers */ = {
			isa = PBXGroup;
			children = (
				0058AAE421766851007AD175 /* BSExpensesSummaryPieGraphController.swift */,
				0058AAE521766851007AD175 /* BSPieGraphControllerProtocol.swift */,
			);
			path = Controllers;
			sourceTree = "<group>";
		};
		0058AAE621766851007AD175 /* Views */ = {
			isa = PBXGroup;
			children = (
				00C21384217BB03000805207 /* PieChartPresentationController.swift */,
				00D869BA24954D21007B0A46 /* Arc.swift */,
				00D869BC24954DBE007B0A46 /* PieChartView.swift */,
				00D86AE4249BD286007B0A46 /* PieChartPresenter.swift */,
				00D869CE249B805A007B0A46 /* PieChartSectionInfoViewModel.swift */,
			);
			path = Views;
			sourceTree = "<group>";
		};
		0077D5671CED00D300003F71 /* Use cases */ = {
			isa = PBXGroup;
			children = (
				000A9AB61D0C14000045523A /* Pie graph */,
				000A9A9C1D09FAB00045523A /* Category filter */,
				000A9A321D09EB710045523A /* Add entry */,
				000A9A081D09E5590045523A /* Line graph */,
				0077D5711CED01FF00003F71 /* Show */,
			);
			path = "Use cases";
			sourceTree = "<group>";
		};
		0077D5711CED01FF00003F71 /* Show */ = {
			isa = PBXGroup;
			children = (
				000A9A421D09ED0A0045523A /* Common */,
			);
			path = Show;
			sourceTree = "<group>";
		};
		007B8240177476780052FE84 = {
			isa = PBXGroup;
			children = (
				007B83141775A3C40052FE84 /* Dependencies */,
				007B8254177476780052FE84 /* Expenses */,
				007B8271177476780052FE84 /* ExpensesTests */,
				007B824B177476780052FE84 /* Frameworks */,
				007B824A177476780052FE84 /* Products */,
				00C273BA249F1FBD00E1DF0F /* Recovered References */,
			);
			sourceTree = "<group>";
		};
		007B824A177476780052FE84 /* Products */ = {
			isa = PBXGroup;
			children = (
				007B8249177476780052FE84 /* Expensit.app */,
				007B8269177476780052FE84 /* ExpensesTests.xctest */,
			);
			name = Products;
			sourceTree = "<group>";
		};
		007B824B177476780052FE84 /* Frameworks */ = {
			isa = PBXGroup;
			children = (
				0039450E1A990C110081A5EE /* libOCMock.a */,
				000D047E1775A92F002D0AB8 /* libKiwi.a */,
				007B83051775A0370052FE84 /* libCoreDataStackHelper.a */,
				007B82C2177591A20052FE84 /* libCoreDataStackHelper.a */,
				007B82C0177591860052FE84 /* libCoreDataStackHelper.a */,
				007B824C177476780052FE84 /* Foundation.framework */,
				007B824E177476780052FE84 /* CoreGraphics.framework */,
				007B8250177476780052FE84 /* UIKit.framework */,
				007B8252177476780052FE84 /* CoreData.framework */,
				007B826A177476780052FE84 /* XCTest.framework */,
				E437B0D21F3767D9B88D5238 /* libPods-ExpensesTests.a */,
			);
			name = Frameworks;
			sourceTree = "<group>";
		};
		007B8254177476780052FE84 /* Expenses */ = {
			isa = PBXGroup;
			children = (
				007B83151775A6330052FE84 /* source */,
				00AA9021248930250099AAC1 /* TODO.txt */,
				007B8263177476780052FE84 /* Images.xcassets */,
				007B8260177476780052FE84 /* Expenses.xcdatamodeld */,
				007B8255177476780052FE84 /* Supporting Files */,
			);
			path = Expenses;
			sourceTree = "<group>";
		};
		007B8255177476780052FE84 /* Supporting Files */ = {
			isa = PBXGroup;
			children = (
				007B8256177476780052FE84 /* Expenses-Info.plist */,
				0077D58B1CED11CB00003F71 /* ExpensesTests-Bridging-Header.h */,
				0077D58C1CED11DC00003F71 /* Expenses-Bridging-Header.h */,
				007B8257177476780052FE84 /* InfoPlist.strings */,
				007B825A177476780052FE84 /* main.m */,
				007B825C177476780052FE84 /* Expenses-Prefix.pch */,
				000D04F21775C96C002D0AB8 /* Storyboard.storyboard */,
			);
			name = "Supporting Files";
			sourceTree = "<group>";
		};
		007B8271177476780052FE84 /* ExpensesTests */ = {
			isa = PBXGroup;
			children = (
				007B8272177476780052FE84 /* Supporting Files */,
				0001059723409B440073BFAF /* YearlySummaryTests.swift */,
				00374F4624A264CF00D69BFB /* MonthlySummaryTests.swift */,
				00D57E1A1F744BDE00EC9127 /* DailyTestHelper.h */,
				00D57E1B1F744BDE00EC9127 /* DailyTestHelper.m */,
				00010595233F5AD70073BFAF /* TestDataGenerator.swift */,
				00C273EB249F501C00E1DF0F /* TestHelpers.swift */,
				0001059923409DDF0073BFAF /* TestCoreDataStackHelper.swift */,
			);
			path = ExpensesTests;
			sourceTree = "<group>";
		};
		007B8272177476780052FE84 /* Supporting Files */ = {
			isa = PBXGroup;
			children = (
				007B8273177476780052FE84 /* ExpensesTests-Info.plist */,
				007B8274177476780052FE84 /* InfoPlist.strings */,
			);
			name = "Supporting Files";
			sourceTree = "<group>";
		};
		007B83141775A3C40052FE84 /* Dependencies */ = {
			isa = PBXGroup;
			children = (
				0073704124B58DDB00E10142 /* DateAndTime */,
			);
			name = Dependencies;
			sourceTree = "<group>";
		};
		007B83151775A6330052FE84 /* source */ = {
			isa = PBXGroup;
			children = (
				00478FB2253EA1E800D518C7 /* Currencies */,
				00084E4C24BC70520009EC98 /* CoreDataPersistence */,
				001359B024B5B7200071AEBD /* CoreExpenses */,
				00A38C142454D02D00E05596 /* AppDelegate.swift */,
				00A38C1C245574D500E05596 /* Environment.swift */,
				00A38C152454D02D00E05596 /* SceneDelegate.swift */,
				00B683751D0D4FD200584F43 /* Common */,
				0077D5671CED00D300003F71 /* Use cases */,
				00223BC1216A007200E76784 /* Data Sources */,
				00A5D45117B7D398003F81B5 /* BSConstants.h */,
			);
			name = source;
			path = src;
			sourceTree = "<group>";
		};
		00AA900724862B980099AAC1 /* Navigation */ = {
			isa = PBXGroup;
			children = (
				00BDC3B3245752940066662A /* ExpensesSummaryNavigationView.swift */,
				00BDC3A924571A1A0066662A /* ExpensesSummaryNavigationCoordinator.swift */,
				00AA902B248A5BB90099AAC1 /* CategoryFilterNavigationCoordinator.swift */,
				00D86C4E249D4E4E007B0A46 /* CategoryPieChartNavigationCoordinator.swift */,
			);
			path = Navigation;
			sourceTree = "<group>";
		};
		00AA901024862BA90099AAC1 /* ListView */ = {
			isa = PBXGroup;
			children = (
				008E7421236D814000762E08 /* ListView.swift */,
			);
			path = ListView;
			sourceTree = "<group>";
		};
		00AA902D248A5C870099AAC1 /* Navigation */ = {
			isa = PBXGroup;
			children = (
				00AA9016248683A20099AAC1 /* EntryFormNavigationCoordinator.swift */,
			);
			path = Navigation;
			sourceTree = "<group>";
		};
		00AA902E248CDA8A0099AAC1 /* Navigation Buttons */ = {
			isa = PBXGroup;
			children = (
				00AA902F248CDBA10099AAC1 /* NavigationButtons.swift */,
				00D869B82494F751007B0A46 /* AddEntryButton.swift */,
				00D869B62494F61D007B0A46 /* CategoryFilterButtonView.swift */,
				00D869B42494DD3A007B0A46 /* NavigationButtonsPresenter.swift */,
			);
			path = "Navigation Buttons";
			sourceTree = "<group>";
		};
		00B683751D0D4FD200584F43 /* Common */ = {
			isa = PBXGroup;
			children = (
				00C213A7217BB2E800805207 /* BSCurrencyHelper.h */,
				00C213A6217BB2E800805207 /* BSCurrencyHelper.m */,
			);
			path = Common;
			sourceTree = "<group>";
		};
		00C213B9217BB3C800805207 /* Views */ = {
			isa = PBXGroup;
			children = (
				00AA901124863CB70099AAC1 /* EntryFormView.swift */,
				00AA90182487BE420099AAC1 /* CategoryPickerView.swift */,
				00AA901A2487D5770099AAC1 /* DatePickerView.swift */,
			);
			name = Views;
			path = "Expenses/src/Use cases/Add Entry/Views";
			sourceTree = SOURCE_ROOT;
		};
		00C213D9217BB4D000805207 /* Views */ = {
			isa = PBXGroup;
			children = (
				00AA9023248A30550099AAC1 /* CategoryFilterView.swift */,
			);
			path = Views;
			sourceTree = "<group>";
		};
		00C273BA249F1FBD00E1DF0F /* Recovered References */ = {
			isa = PBXGroup;
			children = (
			);
			name = "Recovered References";
			sourceTree = "<group>";
		};
/* End PBXGroup section */

/* Begin PBXNativeTarget section */
		007B8248177476780052FE84 /* Expensit */ = {
			isa = PBXNativeTarget;
			buildConfigurationList = 007B827B177476780052FE84 /* Build configuration list for PBXNativeTarget "Expensit" */;
			buildPhases = (
				007B8245177476780052FE84 /* Sources */,
				007B8246177476780052FE84 /* Frameworks */,
				007B8247177476780052FE84 /* Resources */,
			);
			buildRules = (
			);
			dependencies = (
			);
			name = Expensit;
			packageProductDependencies = (
				00D7165B24B5E4DB0057281C /* DateAndTime */,
				00A6DA0624BA08A500562426 /* CoreExpenses */,
				0047E7D824BC751300FEE7B4 /* CoreDataPersistence */,
				00C6431F253EA5DB000FC683 /* Currencies */,
			);
			productName = Expenses;
			productReference = 007B8249177476780052FE84 /* Expensit.app */;
			productType = "com.apple.product-type.application";
		};
		007B8268177476780052FE84 /* ExpensesTests */ = {
			isa = PBXNativeTarget;
			buildConfigurationList = 007B827E177476780052FE84 /* Build configuration list for PBXNativeTarget "ExpensesTests" */;
			buildPhases = (
				007B8265177476780052FE84 /* Sources */,
				007B8266177476780052FE84 /* Frameworks */,
				007B8267177476780052FE84 /* Resources */,
			);
			buildRules = (
			);
			dependencies = (
				002F631524BD90FD00439468 /* PBXTargetDependency */,
			);
			name = ExpensesTests;
			packageProductDependencies = (
			);
			productName = ExpensesTests;
			productReference = 007B8269177476780052FE84 /* ExpensesTests.xctest */;
			productType = "com.apple.product-type.bundle.unit-test";
		};
/* End PBXNativeTarget section */

/* Begin PBXProject section */
		007B8241177476780052FE84 /* Project object */ = {
			isa = PBXProject;
			attributes = {
				CLASSPREFIX = BS;
				LastSwiftUpdateCheck = 0730;
				LastUpgradeCheck = 1200;
				ORGANIZATIONNAME = "Borja Arias Drake";
				TargetAttributes = {
					007B8248177476780052FE84 = {
						DevelopmentTeam = HDWMV7DY5P;
						LastSwiftMigration = 0800;
						ProvisioningStyle = Automatic;
					};
					007B8268177476780052FE84 = {
						LastSwiftMigration = 0800;
						TestTargetID = 007B8248177476780052FE84;
					};
				};
			};
			buildConfigurationList = 007B8244177476780052FE84 /* Build configuration list for PBXProject "Expenses" */;
			compatibilityVersion = "Xcode 3.2";
			developmentRegion = English;
			hasScannedForEncodings = 0;
			knownRegions = (
				English,
				en,
			);
			mainGroup = 007B8240177476780052FE84;
			productRefGroup = 007B824A177476780052FE84 /* Products */;
			projectDirPath = "";
			projectRoot = "";
			targets = (
				007B8248177476780052FE84 /* Expensit */,
				007B8268177476780052FE84 /* ExpensesTests */,
			);
		};
/* End PBXProject section */

/* Begin PBXResourcesBuildPhase section */
		007B8247177476780052FE84 /* Resources */ = {
			isa = PBXResourcesBuildPhase;
			buildActionMask = 2147483647;
			files = (
				00AA9022248930250099AAC1 /* TODO.txt in Resources */,
				007B8259177476780052FE84 /* InfoPlist.strings in Resources */,
				007B8264177476780052FE84 /* Images.xcassets in Resources */,
				000D04F31775C96C002D0AB8 /* Storyboard.storyboard in Resources */,
			);
			runOnlyForDeploymentPostprocessing = 0;
		};
		007B8267177476780052FE84 /* Resources */ = {
			isa = PBXResourcesBuildPhase;
			buildActionMask = 2147483647;
			files = (
				000D04F41775C96C002D0AB8 /* Storyboard.storyboard in Resources */,
				007B8276177476780052FE84 /* InfoPlist.strings in Resources */,
			);
			runOnlyForDeploymentPostprocessing = 0;
		};
/* End PBXResourcesBuildPhase section */

/* Begin PBXSourcesBuildPhase section */
		007B8245177476780052FE84 /* Sources */ = {
			isa = PBXSourcesBuildPhase;
			buildActionMask = 2147483647;
			files = (
				00E72B112472F72700C89235 /* GridViewSectionBodyRowNavCell.swift in Sources */,
				00BDC3B4245752940066662A /* ExpensesSummaryNavigationView.swift in Sources */,
				00AA9024248A30550099AAC1 /* CategoryFilterView.swift in Sources */,
				000A9A2C1D09EA980045523A /* BSGraphLineControllerProtocol.swift in Sources */,
				00D869B52494DD3A007B0A46 /* NavigationButtonsPresenter.swift in Sources */,
				00A38C162454D02D00E05596 /* AppDelegate.swift in Sources */,
				00E72AFD246FD10C00C89235 /* GridViewSectionHeader.swift in Sources */,
				00D869CF249B805A007B0A46 /* PieChartSectionInfoViewModel.swift in Sources */,
				00D86C4F249D4E4E007B0A46 /* CategoryPieChartNavigationCoordinator.swift in Sources */,
				00E72B0D2472EFD600C89235 /* GridViewSectionBody.swift in Sources */,
				0058AAE921766851007AD175 /* BSPieGraphPresenterProtocol.swift in Sources */,
				008E7410236C292B00762E08 /* EntryBoxView.swift in Sources */,
				00A38C132454ABBD00E05596 /* ListView.swift in Sources */,
				00E72B0F2472F29A00C89235 /* GridViewSectionBodyRow.swift in Sources */,
				00AA901224863CB70099AAC1 /* EntryFormView.swift in Sources */,
				00D869BD24954DBE007B0A46 /* PieChartView.swift in Sources */,
				00D86AE5249BD286007B0A46 /* PieChartPresenter.swift in Sources */,
				00AA901B2487D5770099AAC1 /* DatePickerView.swift in Sources */,
				000A9A111D09E5590045523A /* BSYearlySummaryGraphLinePresenter.swift in Sources */,
				00A38C1D245574D500E05596 /* Environment.swift in Sources */,
				007B8262177476780052FE84 /* Expenses.xcdatamodeld in Sources */,
				000A9A1F1D09E99F0045523A /* BSMonthlySummaryGraphLinePresenter.swift in Sources */,
				00D869B72494F61D007B0A46 /* CategoryFilterButtonView.swift in Sources */,
				00BDC3AA24571A1A0066662A /* ExpensesSummaryNavigationCoordinator.swift in Sources */,
				00C273DA249F205300E1DF0F /* BSExpensesSummaryPieGraphController.swift in Sources */,
				00AA9017248683A20099AAC1 /* EntryFormNavigationCoordinator.swift in Sources */,
				000A9A301D09EA980045523A /* BSGraphLinePresenterProtocol.swift in Sources */,
				008E7412236CC54C00762E08 /* GridView.swift in Sources */,
				008E7424236D840300762E08 /* HorizontalEntryView.swift in Sources */,
				000A9A271D09EA110045523A /* BSDailySummaryGraphLinePresenter.swift in Sources */,
				00AA902C248A5BB90099AAC1 /* CategoryFilterNavigationCoordinator.swift in Sources */,
				00A38C172454D02D00E05596 /* SceneDelegate.swift in Sources */,
				0058AAE721766851007AD175 /* BSExpensesSummaryPieGraphPresenter.swift in Sources */,
				00D869B92494F751007B0A46 /* AddEntryButton.swift in Sources */,
				00D869BB24954D21007B0A46 /* Arc.swift in Sources */,
				00AA90192487BE420099AAC1 /* CategoryPickerView.swift in Sources */,
				0058AAED21766851007AD175 /* BSPieGraphControllerProtocol.swift in Sources */,
				00C21385217BB03000805207 /* PieChartPresentationController.swift in Sources */,
				00AA9030248CDBA10099AAC1 /* NavigationButtons.swift in Sources */,
			);
			runOnlyForDeploymentPostprocessing = 0;
		};
		007B8265177476780052FE84 /* Sources */ = {
			isa = PBXSourcesBuildPhase;
			buildActionMask = 2147483647;
			files = (
				00C273DB249F205600E1DF0F /* BSExpensesSummaryPieGraphController.swift in Sources */,
				00C21386217BB03000805207 /* PieChartPresentationController.swift in Sources */,
				00010596233F5AD70073BFAF /* TestDataGenerator.swift in Sources */,
				00C273E5249F241F00E1DF0F /* YearlySummaryTests.swift in Sources */,
				0001059A23409DDF0073BFAF /* TestCoreDataStackHelper.swift in Sources */,
				0058AAEA21766851007AD175 /* BSPieGraphPresenterProtocol.swift in Sources */,
				00C273EC249F501C00E1DF0F /* TestHelpers.swift in Sources */,
				00A6DA0F24BAEFD000562426 /* Expenses.xcdatamodeld in Sources */,
				000A9A281D09EA110045523A /* BSDailySummaryGraphLinePresenter.swift in Sources */,
				000A9A121D09E5590045523A /* BSYearlySummaryGraphLinePresenter.swift in Sources */,
				00E10E0F24C15F4C000F3309 /* MonthlySummaryTests.swift in Sources */,
				000A9A311D09EA980045523A /* BSGraphLinePresenterProtocol.swift in Sources */,
				0058AAEE21766851007AD175 /* BSPieGraphControllerProtocol.swift in Sources */,
				000A9A2D1D09EA980045523A /* BSGraphLineControllerProtocol.swift in Sources */,
				000A9A201D09E99F0045523A /* BSMonthlySummaryGraphLinePresenter.swift in Sources */,
				0058AAE821766851007AD175 /* BSExpensesSummaryPieGraphPresenter.swift in Sources */,
			);
			runOnlyForDeploymentPostprocessing = 0;
		};
/* End PBXSourcesBuildPhase section */

/* Begin PBXTargetDependency section */
		002F631524BD90FD00439468 /* PBXTargetDependency */ = {
			isa = PBXTargetDependency;
			target = 007B8248177476780052FE84 /* Expensit */;
			targetProxy = 002F631424BD90FD00439468 /* PBXContainerItemProxy */;
		};
/* End PBXTargetDependency section */

/* Begin PBXVariantGroup section */
		007B8257177476780052FE84 /* InfoPlist.strings */ = {
			isa = PBXVariantGroup;
			children = (
				007B8258177476780052FE84 /* en */,
			);
			name = InfoPlist.strings;
			sourceTree = "<group>";
		};
		007B8274177476780052FE84 /* InfoPlist.strings */ = {
			isa = PBXVariantGroup;
			children = (
				007B8275177476780052FE84 /* en */,
			);
			name = InfoPlist.strings;
			sourceTree = "<group>";
		};
/* End PBXVariantGroup section */

/* Begin XCBuildConfiguration section */
		007B8279177476780052FE84 /* Debug */ = {
			isa = XCBuildConfiguration;
			buildSettings = {
				ALWAYS_SEARCH_USER_PATHS = NO;
				CLANG_ANALYZER_LOCALIZABILITY_NONLOCALIZED = YES;
				CLANG_CXX_LANGUAGE_STANDARD = "gnu++0x";
				CLANG_CXX_LIBRARY = "libc++";
				CLANG_ENABLE_MODULES = YES;
				CLANG_ENABLE_OBJC_ARC = YES;
				CLANG_WARN_BLOCK_CAPTURE_AUTORELEASING = YES;
				CLANG_WARN_BOOL_CONVERSION = YES;
				CLANG_WARN_COMMA = YES;
				CLANG_WARN_CONSTANT_CONVERSION = YES;
				CLANG_WARN_DEPRECATED_OBJC_IMPLEMENTATIONS = YES;
				CLANG_WARN_DIRECT_OBJC_ISA_USAGE = YES_ERROR;
				CLANG_WARN_EMPTY_BODY = YES;
				CLANG_WARN_ENUM_CONVERSION = YES;
				CLANG_WARN_INFINITE_RECURSION = YES;
				CLANG_WARN_INT_CONVERSION = YES;
				CLANG_WARN_NON_LITERAL_NULL_CONVERSION = YES;
				CLANG_WARN_OBJC_IMPLICIT_RETAIN_SELF = YES;
				CLANG_WARN_OBJC_LITERAL_CONVERSION = YES;
				CLANG_WARN_OBJC_ROOT_CLASS = YES_ERROR;
				CLANG_WARN_QUOTED_INCLUDE_IN_FRAMEWORK_HEADER = YES;
				CLANG_WARN_RANGE_LOOP_ANALYSIS = YES;
				CLANG_WARN_STRICT_PROTOTYPES = YES;
				CLANG_WARN_SUSPICIOUS_MOVE = YES;
				CLANG_WARN_UNREACHABLE_CODE = YES;
				CLANG_WARN__DUPLICATE_METHOD_MATCH = YES;
				"CODE_SIGN_IDENTITY[sdk=iphoneos*]" = "iPhone Developer";
				COPY_PHASE_STRIP = NO;
				ENABLE_STRICT_OBJC_MSGSEND = YES;
				ENABLE_TESTABILITY = YES;
				GCC_C_LANGUAGE_STANDARD = gnu99;
				GCC_DYNAMIC_NO_PIC = NO;
				GCC_GENERATE_TEST_COVERAGE_FILES = NO;
				GCC_INSTRUMENT_PROGRAM_FLOW_ARCS = NO;
				GCC_NO_COMMON_BLOCKS = YES;
				GCC_OPTIMIZATION_LEVEL = 0;
				GCC_PREPROCESSOR_DEFINITIONS = (
					"DEBUG=1",
					"$(inherited)",
				);
				GCC_SYMBOLS_PRIVATE_EXTERN = NO;
				GCC_WARN_64_TO_32_BIT_CONVERSION = YES;
				GCC_WARN_ABOUT_RETURN_TYPE = YES_ERROR;
				GCC_WARN_UNDECLARED_SELECTOR = YES;
				GCC_WARN_UNINITIALIZED_AUTOS = YES;
				GCC_WARN_UNUSED_FUNCTION = YES;
				GCC_WARN_UNUSED_VARIABLE = YES;
				IPHONEOS_DEPLOYMENT_TARGET = 12.0;
				ONLY_ACTIVE_ARCH = YES;
				SDKROOT = iphoneos;
				USER_HEADER_SEARCH_PATHS = (
					"$(SRCROOT)/../CoreDataStackHelper/CoreDataStackHelper",
					"$(SRCROOT)/../BSPieChartView/BSPieChartView/Source/Headers/**",
				);
			};
			name = Debug;
		};
		007B827A177476780052FE84 /* Release */ = {
			isa = XCBuildConfiguration;
			buildSettings = {
				ALWAYS_SEARCH_USER_PATHS = NO;
				CLANG_ANALYZER_LOCALIZABILITY_NONLOCALIZED = YES;
				CLANG_CXX_LANGUAGE_STANDARD = "gnu++0x";
				CLANG_CXX_LIBRARY = "libc++";
				CLANG_ENABLE_MODULES = YES;
				CLANG_ENABLE_OBJC_ARC = YES;
				CLANG_WARN_BLOCK_CAPTURE_AUTORELEASING = YES;
				CLANG_WARN_BOOL_CONVERSION = YES;
				CLANG_WARN_COMMA = YES;
				CLANG_WARN_CONSTANT_CONVERSION = YES;
				CLANG_WARN_DEPRECATED_OBJC_IMPLEMENTATIONS = YES;
				CLANG_WARN_DIRECT_OBJC_ISA_USAGE = YES_ERROR;
				CLANG_WARN_EMPTY_BODY = YES;
				CLANG_WARN_ENUM_CONVERSION = YES;
				CLANG_WARN_INFINITE_RECURSION = YES;
				CLANG_WARN_INT_CONVERSION = YES;
				CLANG_WARN_NON_LITERAL_NULL_CONVERSION = YES;
				CLANG_WARN_OBJC_IMPLICIT_RETAIN_SELF = YES;
				CLANG_WARN_OBJC_LITERAL_CONVERSION = YES;
				CLANG_WARN_OBJC_ROOT_CLASS = YES_ERROR;
				CLANG_WARN_QUOTED_INCLUDE_IN_FRAMEWORK_HEADER = YES;
				CLANG_WARN_RANGE_LOOP_ANALYSIS = YES;
				CLANG_WARN_STRICT_PROTOTYPES = YES;
				CLANG_WARN_SUSPICIOUS_MOVE = YES;
				CLANG_WARN_UNREACHABLE_CODE = YES;
				CLANG_WARN__DUPLICATE_METHOD_MATCH = YES;
				"CODE_SIGN_IDENTITY[sdk=iphoneos*]" = "iPhone Developer";
				COPY_PHASE_STRIP = YES;
				ENABLE_NS_ASSERTIONS = NO;
				ENABLE_STRICT_OBJC_MSGSEND = YES;
				GCC_C_LANGUAGE_STANDARD = gnu99;
				GCC_GENERATE_TEST_COVERAGE_FILES = NO;
				GCC_INSTRUMENT_PROGRAM_FLOW_ARCS = NO;
				GCC_NO_COMMON_BLOCKS = YES;
				GCC_WARN_64_TO_32_BIT_CONVERSION = YES;
				GCC_WARN_ABOUT_RETURN_TYPE = YES_ERROR;
				GCC_WARN_UNDECLARED_SELECTOR = YES;
				GCC_WARN_UNINITIALIZED_AUTOS = YES;
				GCC_WARN_UNUSED_FUNCTION = YES;
				GCC_WARN_UNUSED_VARIABLE = YES;
				IPHONEOS_DEPLOYMENT_TARGET = 12.0;
				SDKROOT = iphoneos;
				SWIFT_COMPILATION_MODE = wholemodule;
				USER_HEADER_SEARCH_PATHS = (
					"$(SRCROOT)/../CoreDataStackHelper/CoreDataStackHelper",
					"$(SRCROOT)/../BSPieChartView/BSPieChartView/Source/Headers/**",
				);
				VALIDATE_PRODUCT = YES;
			};
			name = Release;
		};
		007B827C177476780052FE84 /* Debug */ = {
			isa = XCBuildConfiguration;
			buildSettings = {
				ASSETCATALOG_COMPILER_APPICON_NAME = AppIcon;
				ASSETCATALOG_COMPILER_LAUNCHIMAGE_NAME = LaunchImage;
				CLANG_ENABLE_CODE_COVERAGE = YES;
				CLANG_ENABLE_MODULES = YES;
				CODE_SIGN_IDENTITY = "iPhone Developer";
				"CODE_SIGN_IDENTITY[sdk=iphoneos*]" = "iPhone Developer";
				CODE_SIGN_STYLE = Automatic;
				DEVELOPMENT_TEAM = HDWMV7DY5P;
				GCC_GENERATE_TEST_COVERAGE_FILES = YES;
				GCC_INSTRUMENT_PROGRAM_FLOW_ARCS = NO;
				GCC_PRECOMPILE_PREFIX_HEADER = YES;
				GCC_PREFIX_HEADER = "Expenses/Expenses-Prefix.pch";
				HEADER_SEARCH_PATHS = (
					"$(SRCROOT)/../CoreDataStackHelper/CoreDataStackHelper",
					"$(SRCROOT)/../BSPieChartView/BSPieChartView/Source/Headers/**",
				);
				INFOPLIST_FILE = "Expenses/Expenses-Info.plist";
				IPHONEOS_DEPLOYMENT_TARGET = 14.0;
				LD_RUNPATH_SEARCH_PATHS = (
					"$(inherited)",
					"@executable_path/Frameworks",
				);
				LIBRARY_SEARCH_PATHS = (
					"$(inherited)",
					"$(SRCROOT)/../../../Library/Developer/Xcode/DerivedData/ExpensesAppWorkspace-cpawapuscsryhtapnkcwxzdyiduh/Build/Products/Debug-iphoneos",
				);
				PRODUCT_BUNDLE_IDENTIFIER = com.boasoftware.expensit;
				PRODUCT_NAME = "$(TARGET_NAME)";
				PROVISIONING_PROFILE = "";
				PROVISIONING_PROFILE_SPECIFIER = "";
				SDKROOT = iphoneos;
				SWIFT_OBJC_BRIDGING_HEADER = "Expenses/Expenses-Bridging-Header.h";
				SWIFT_OPTIMIZATION_LEVEL = "-Onone";
				SWIFT_VERSION = 5.0;
				TARGETED_DEVICE_FAMILY = "1,2";
				USER_HEADER_SEARCH_PATHS = (
					"$(SRCROOT)/../CoreDataStackHelper/CoreDataStackHelper",
					"$(SRCROOT)/../BSPieChartView/BSPieChartView/Source/Headers/**",
				);
				WRAPPER_EXTENSION = app;
			};
			name = Debug;
		};
		007B827D177476780052FE84 /* Release */ = {
			isa = XCBuildConfiguration;
			buildSettings = {
				ASSETCATALOG_COMPILER_APPICON_NAME = AppIcon;
				ASSETCATALOG_COMPILER_LAUNCHIMAGE_NAME = LaunchImage;
				CLANG_ENABLE_CODE_COVERAGE = YES;
				CLANG_ENABLE_MODULES = YES;
				"CODE_SIGN_ENTITLEMENTS[sdk=*]" = "";
				CODE_SIGN_IDENTITY = "iPhone Developer";
				"CODE_SIGN_IDENTITY[sdk=iphoneos*]" = "iPhone Distribution";
				CODE_SIGN_STYLE = Automatic;
				DEVELOPMENT_TEAM = HDWMV7DY5P;
				GCC_GENERATE_TEST_COVERAGE_FILES = YES;
				GCC_INSTRUMENT_PROGRAM_FLOW_ARCS = NO;
				GCC_PRECOMPILE_PREFIX_HEADER = YES;
				GCC_PREFIX_HEADER = "Expenses/Expenses-Prefix.pch";
				HEADER_SEARCH_PATHS = (
					"$(SRCROOT)/../CoreDataStackHelper/CoreDataStackHelper",
					"$(SRCROOT)/../BSPieChartView/BSPieChartView/Source/Headers/**",
				);
				INFOPLIST_FILE = "Expenses/Expenses-Info.plist";
				IPHONEOS_DEPLOYMENT_TARGET = 14.0;
				LD_RUNPATH_SEARCH_PATHS = (
					"$(inherited)",
					"@executable_path/Frameworks",
				);
				LIBRARY_SEARCH_PATHS = (
					"$(inherited)",
					"$(SRCROOT)/../../../Library/Developer/Xcode/DerivedData/ExpensesAppWorkspace-cpawapuscsryhtapnkcwxzdyiduh/Build/Products/Debug-iphoneos",
				);
				PRODUCT_BUNDLE_IDENTIFIER = com.boasoftware.expensit;
				PRODUCT_NAME = "$(TARGET_NAME)";
				PROVISIONING_PROFILE = "68c3505e-88ed-4e8c-9bcd-0511026c00f5";
				PROVISIONING_PROFILE_SPECIFIER = "";
				SDKROOT = iphoneos;
				SWIFT_OBJC_BRIDGING_HEADER = "Expenses/Expenses-Bridging-Header.h";
				SWIFT_VERSION = 5.0;
				TARGETED_DEVICE_FAMILY = "1,2";
				USER_HEADER_SEARCH_PATHS = (
					"$(SRCROOT)/../CoreDataStackHelper/CoreDataStackHelper",
					"$(SRCROOT)/../BSPieChartView/BSPieChartView/Source/Headers/**",
				);
				WRAPPER_EXTENSION = app;
			};
			name = Release;
		};
		007B827F177476780052FE84 /* Debug */ = {
			isa = XCBuildConfiguration;
			buildSettings = {
				BUNDLE_LOADER = "$(TEST_HOST)";
				CLANG_ENABLE_CODE_COVERAGE = YES;
				CLANG_ENABLE_MODULES = YES;
				FRAMEWORK_SEARCH_PATHS = (
					"$(SDKROOT)/Developer/Library/Frameworks",
					"$(inherited)",
					"$(DEVELOPER_FRAMEWORKS_DIR)",
				);
				GCC_GENERATE_TEST_COVERAGE_FILES = YES;
				GCC_PRECOMPILE_PREFIX_HEADER = YES;
				GCC_PREFIX_HEADER = "Expenses/Expenses-Prefix.pch";
				GCC_PREPROCESSOR_DEFINITIONS = (
					"DEBUG=1",
					"$(inherited)",
				);
				HEADER_SEARCH_PATHS = "$(SRCROOT)/../CoreDataStackHelper/CoreDataStackHelper";
				INFOPLIST_FILE = "ExpensesTests/ExpensesTests-Info.plist";
				IPHONEOS_DEPLOYMENT_TARGET = 13.0;
				LD_RUNPATH_SEARCH_PATHS = (
					"$(inherited)",
					"@executable_path/Frameworks",
					"@loader_path/Frameworks",
				);
				LIBRARY_SEARCH_PATHS = (
					"$(inherited)",
					"$(SRCROOT)/../../../Library/Developer/Xcode/DerivedData/ExpensesAppWorkspace-cpawapuscsryhtapnkcwxzdyiduh/Build/Products/Debug-iphonesimulator",
				);
				OTHER_LDFLAGS = "$(inherited)";
				PRODUCT_BUNDLE_IDENTIFIER = "com.boasoftware.${PRODUCT_NAME:rfc1034identifier}";
				PRODUCT_NAME = "$(TARGET_NAME)";
				PROVISIONING_PROFILE = "9B115C84-B040-47D8-A059-52901AFC212B";
				SWIFT_OBJC_BRIDGING_HEADER = "Expenses/ExpensesTests-Bridging-Header.h";
				SWIFT_OBJC_INTERFACE_HEADER_NAME = "Expensit-Swift.h";
				SWIFT_OPTIMIZATION_LEVEL = "-Onone";
				SWIFT_VERSION = 5.0;
				TEST_HOST = "$(BUILT_PRODUCTS_DIR)/Expensit.app/Expensit";
				WRAPPER_EXTENSION = xctest;
			};
			name = Debug;
		};
		007B8280177476780052FE84 /* Release */ = {
			isa = XCBuildConfiguration;
			buildSettings = {
				BUNDLE_LOADER = "$(TEST_HOST)";
				CLANG_ENABLE_CODE_COVERAGE = YES;
				CLANG_ENABLE_MODULES = YES;
				FRAMEWORK_SEARCH_PATHS = (
					"$(SDKROOT)/Developer/Library/Frameworks",
					"$(inherited)",
					"$(DEVELOPER_FRAMEWORKS_DIR)",
				);
				GCC_GENERATE_TEST_COVERAGE_FILES = YES;
				GCC_PRECOMPILE_PREFIX_HEADER = YES;
				GCC_PREFIX_HEADER = "Expenses/Expenses-Prefix.pch";
				HEADER_SEARCH_PATHS = "$(SRCROOT)/../CoreDataStackHelper/CoreDataStackHelper";
				INFOPLIST_FILE = "ExpensesTests/ExpensesTests-Info.plist";
				IPHONEOS_DEPLOYMENT_TARGET = 13.0;
				LD_RUNPATH_SEARCH_PATHS = (
					"$(inherited)",
					"@executable_path/Frameworks",
					"@loader_path/Frameworks",
				);
				LIBRARY_SEARCH_PATHS = (
					"$(inherited)",
					"$(SRCROOT)/../../../Library/Developer/Xcode/DerivedData/ExpensesAppWorkspace-cpawapuscsryhtapnkcwxzdyiduh/Build/Products/Debug-iphonesimulator",
				);
				OTHER_LDFLAGS = "$(inherited)";
				PRODUCT_BUNDLE_IDENTIFIER = "com.boasoftware.${PRODUCT_NAME:rfc1034identifier}";
				PRODUCT_NAME = "$(TARGET_NAME)";
				PROVISIONING_PROFILE = "9B115C84-B040-47D8-A059-52901AFC212B";
				SWIFT_OBJC_BRIDGING_HEADER = "Expenses/ExpensesTests-Bridging-Header.h";
				SWIFT_OBJC_INTERFACE_HEADER_NAME = "Expensit-Swift.h";
				SWIFT_VERSION = 5.0;
				TEST_HOST = "$(BUILT_PRODUCTS_DIR)/Expensit.app/Expensit";
				WRAPPER_EXTENSION = xctest;
			};
			name = Release;
		};
/* End XCBuildConfiguration section */

/* Begin XCConfigurationList section */
		007B8244177476780052FE84 /* Build configuration list for PBXProject "Expenses" */ = {
			isa = XCConfigurationList;
			buildConfigurations = (
				007B8279177476780052FE84 /* Debug */,
				007B827A177476780052FE84 /* Release */,
			);
			defaultConfigurationIsVisible = 0;
			defaultConfigurationName = Release;
		};
		007B827B177476780052FE84 /* Build configuration list for PBXNativeTarget "Expensit" */ = {
			isa = XCConfigurationList;
			buildConfigurations = (
				007B827C177476780052FE84 /* Debug */,
				007B827D177476780052FE84 /* Release */,
			);
			defaultConfigurationIsVisible = 0;
			defaultConfigurationName = Release;
		};
		007B827E177476780052FE84 /* Build configuration list for PBXNativeTarget "ExpensesTests" */ = {
			isa = XCConfigurationList;
			buildConfigurations = (
				007B827F177476780052FE84 /* Debug */,
				007B8280177476780052FE84 /* Release */,
			);
			defaultConfigurationIsVisible = 0;
			defaultConfigurationName = Release;
		};
/* End XCConfigurationList section */

/* Begin XCSwiftPackageProductDependency section */
		0047E7D824BC751300FEE7B4 /* CoreDataPersistence */ = {
			isa = XCSwiftPackageProductDependency;
			productName = CoreDataPersistence;
		};
		00A6DA0624BA08A500562426 /* CoreExpenses */ = {
			isa = XCSwiftPackageProductDependency;
			productName = CoreExpenses;
		};
		00C6431F253EA5DB000FC683 /* Currencies */ = {
			isa = XCSwiftPackageProductDependency;
			productName = Currencies;
		};
		00D7165B24B5E4DB0057281C /* DateAndTime */ = {
			isa = XCSwiftPackageProductDependency;
			productName = DateAndTime;
		};
/* End XCSwiftPackageProductDependency section */

/* Begin XCVersionGroup section */
		007B8260177476780052FE84 /* Expenses.xcdatamodeld */ = {
			isa = XCVersionGroup;
			children = (
				000F8CBE2531F5120006C1E2 /* v1.0.10.xcdatamodel */,
				00C370BD24AF8AFD00298CC0 /* v1.0.9.xcdatamodel */,
				002E2EBD191EB93E003630B2 /* v1.0.7.xcdatamodel */,
				009D011619430C6500B850D4 /* v1.0.8.xcdatamodel */,
				00F9213F1807456000CACB4D /* v1.0.1.xcdatamodel */,
				007B8261177476780052FE84 /* Expenses.xcdatamodel */,
			);
			currentVersion = 000F8CBE2531F5120006C1E2 /* v1.0.10.xcdatamodel */;
			path = Expenses.xcdatamodeld;
			sourceTree = "<group>";
			versionGroupType = wrapper.xcdatamodel;
		};
/* End XCVersionGroup section */
	};
	rootObject = 007B8241177476780052FE84 /* Project object */;
}
