// !$*UTF8*$!
{
	archiveVersion = 1;
	classes = {
	};
	objectVersion = 46;
	objects = {

/* Begin PBXBuildFile section */
		000481E817805C8700E7F401 /* Expenses.xcdatamodeld in Sources */ = {isa = PBXBuildFile; fileRef = 007B8260177476780052FE84 /* Expenses.xcdatamodeld */; };
		000481EA1780C67A00E7F401 /* BSDailyExpensesSummaryTests.m in Sources */ = {isa = PBXBuildFile; fileRef = 000481E91780C67A00E7F401 /* BSDailyExpensesSummaryTests.m */; };
		000481EC1780CEEA00E7F401 /* BSPerEntrySummaryTests.m in Sources */ = {isa = PBXBuildFile; fileRef = 000481EB1780CEEA00E7F401 /* BSPerEntrySummaryTests.m */; };
		000D04E41775BD56002D0AB8 /* Entry.m in Sources */ = {isa = PBXBuildFile; fileRef = 000D04E31775BD56002D0AB8 /* Entry.m */; };
		000D04E51775BD56002D0AB8 /* Entry.m in Sources */ = {isa = PBXBuildFile; fileRef = 000D04E31775BD56002D0AB8 /* Entry.m */; };
		000D04EA1775C8C5002D0AB8 /* BSBaseExpensesSummaryViewController.m in Sources */ = {isa = PBXBuildFile; fileRef = 000D04E81775C8C5002D0AB8 /* BSBaseExpensesSummaryViewController.m */; };
		000D04EB1775C8C5002D0AB8 /* BSBaseExpensesSummaryViewController.m in Sources */ = {isa = PBXBuildFile; fileRef = 000D04E81775C8C5002D0AB8 /* BSBaseExpensesSummaryViewController.m */; };
		000D04F31775C96C002D0AB8 /* Storyboard.storyboard in Resources */ = {isa = PBXBuildFile; fileRef = 000D04F21775C96C002D0AB8 /* Storyboard.storyboard */; };
		000D04F41775C96C002D0AB8 /* Storyboard.storyboard in Resources */ = {isa = PBXBuildFile; fileRef = 000D04F21775C96C002D0AB8 /* Storyboard.storyboard */; };
		000D04F71775D20F002D0AB8 /* BSCoreDataController.m in Sources */ = {isa = PBXBuildFile; fileRef = 000D04F61775D20F002D0AB8 /* BSCoreDataController.m */; };
		000D04F81775D20F002D0AB8 /* BSCoreDataController.m in Sources */ = {isa = PBXBuildFile; fileRef = 000D04F61775D20F002D0AB8 /* BSCoreDataController.m */; };
		005DF5EC178B58A500DC1800 /* BSGraphView.m in Sources */ = {isa = PBXBuildFile; fileRef = 005DF5EB178B58A500DC1800 /* BSGraphView.m */; };
		005DF5ED178B58A500DC1800 /* BSGraphView.m in Sources */ = {isa = PBXBuildFile; fileRef = 005DF5EB178B58A500DC1800 /* BSGraphView.m */; };
		005DF5F4178B5A9A00DC1800 /* LineGraph.m in Sources */ = {isa = PBXBuildFile; fileRef = 005DF5F3178B5A9A00DC1800 /* LineGraph.m */; };
		005DF5F5178B5A9A00DC1800 /* LineGraph.m in Sources */ = {isa = PBXBuildFile; fileRef = 005DF5F3178B5A9A00DC1800 /* LineGraph.m */; };
		005DF5F8178CA9D300DC1800 /* BSGraphViewController.m in Sources */ = {isa = PBXBuildFile; fileRef = 005DF5F7178CA9D300DC1800 /* BSGraphViewController.m */; };
		005DF5F9178CA9D300DC1800 /* BSGraphViewController.m in Sources */ = {isa = PBXBuildFile; fileRef = 005DF5F7178CA9D300DC1800 /* BSGraphViewController.m */; };
		00735EB41788351200725DFD /* BSYearlyExpensesSummaryViewController.m in Sources */ = {isa = PBXBuildFile; fileRef = 00735EB31788351200725DFD /* BSYearlyExpensesSummaryViewController.m */; };
		00735EB51788351200725DFD /* BSYearlyExpensesSummaryViewController.m in Sources */ = {isa = PBXBuildFile; fileRef = 00735EB31788351200725DFD /* BSYearlyExpensesSummaryViewController.m */; };
		007B824D177476780052FE84 /* Foundation.framework in Frameworks */ = {isa = PBXBuildFile; fileRef = 007B824C177476780052FE84 /* Foundation.framework */; };
		007B824F177476780052FE84 /* CoreGraphics.framework in Frameworks */ = {isa = PBXBuildFile; fileRef = 007B824E177476780052FE84 /* CoreGraphics.framework */; };
		007B8251177476780052FE84 /* UIKit.framework in Frameworks */ = {isa = PBXBuildFile; fileRef = 007B8250177476780052FE84 /* UIKit.framework */; };
		007B8253177476780052FE84 /* CoreData.framework in Frameworks */ = {isa = PBXBuildFile; fileRef = 007B8252177476780052FE84 /* CoreData.framework */; };
		007B8259177476780052FE84 /* InfoPlist.strings in Resources */ = {isa = PBXBuildFile; fileRef = 007B8257177476780052FE84 /* InfoPlist.strings */; };
		007B825B177476780052FE84 /* main.m in Sources */ = {isa = PBXBuildFile; fileRef = 007B825A177476780052FE84 /* main.m */; };
		007B825F177476780052FE84 /* BSAppDelegate.m in Sources */ = {isa = PBXBuildFile; fileRef = 007B825E177476780052FE84 /* BSAppDelegate.m */; };
		007B8262177476780052FE84 /* Expenses.xcdatamodeld in Sources */ = {isa = PBXBuildFile; fileRef = 007B8260177476780052FE84 /* Expenses.xcdatamodeld */; };
		007B8264177476780052FE84 /* Images.xcassets in Resources */ = {isa = PBXBuildFile; fileRef = 007B8263177476780052FE84 /* Images.xcassets */; };
		007B826B177476780052FE84 /* XCTest.framework in Frameworks */ = {isa = PBXBuildFile; fileRef = 007B826A177476780052FE84 /* XCTest.framework */; };
		007B826C177476780052FE84 /* Foundation.framework in Frameworks */ = {isa = PBXBuildFile; fileRef = 007B824C177476780052FE84 /* Foundation.framework */; };
		007B826D177476780052FE84 /* UIKit.framework in Frameworks */ = {isa = PBXBuildFile; fileRef = 007B8250177476780052FE84 /* UIKit.framework */; };
		007B826E177476780052FE84 /* CoreData.framework in Frameworks */ = {isa = PBXBuildFile; fileRef = 007B8252177476780052FE84 /* CoreData.framework */; };
		007B8276177476780052FE84 /* InfoPlist.strings in Resources */ = {isa = PBXBuildFile; fileRef = 007B8274177476780052FE84 /* InfoPlist.strings */; };
		007B83061775A0370052FE84 /* libCoreDataStackHelper.a in Frameworks */ = {isa = PBXBuildFile; fileRef = 007B83051775A0370052FE84 /* libCoreDataStackHelper.a */; };
		007B83071775A03E0052FE84 /* libCoreDataStackHelper.a in Frameworks */ = {isa = PBXBuildFile; fileRef = 007B83051775A0370052FE84 /* libCoreDataStackHelper.a */; };
		007B83091775A0A00052FE84 /* CoreDataStackHelper.xcodeproj in Resources */ = {isa = PBXBuildFile; fileRef = 007B83081775A0A00052FE84 /* CoreDataStackHelper.xcodeproj */; };
		007B830A1775A0A00052FE84 /* CoreDataStackHelper.xcodeproj in Resources */ = {isa = PBXBuildFile; fileRef = 007B83081775A0A00052FE84 /* CoreDataStackHelper.xcodeproj */; };
		0089F8B917FA3038000DFEC6 /* libOCMock.a in Frameworks */ = {isa = PBXBuildFile; fileRef = 0089F8B817FA3038000DFEC6 /* libOCMock.a */; };
		009C9EDF17B68FD300DE1A97 /* BSGreenTheme.m in Sources */ = {isa = PBXBuildFile; fileRef = 009C9EDE17B68FD300DE1A97 /* BSGreenTheme.m */; };
		009C9EE017B68FD300DE1A97 /* BSGreenTheme.m in Sources */ = {isa = PBXBuildFile; fileRef = 009C9EDE17B68FD300DE1A97 /* BSGreenTheme.m */; };
		009C9EE317B6912900DE1A97 /* BSThemeManager.m in Sources */ = {isa = PBXBuildFile; fileRef = 009C9EE217B6912900DE1A97 /* BSThemeManager.m */; };
		009C9EE417B6912900DE1A97 /* BSThemeManager.m in Sources */ = {isa = PBXBuildFile; fileRef = 009C9EE217B6912900DE1A97 /* BSThemeManager.m */; };
		009C9EE717B6939100DE1A97 /* BSThemeManager_iOS7.m in Sources */ = {isa = PBXBuildFile; fileRef = 009C9EE617B6939100DE1A97 /* BSThemeManager_iOS7.m */; };
		009C9EE817B6939100DE1A97 /* BSThemeManager_iOS7.m in Sources */ = {isa = PBXBuildFile; fileRef = 009C9EE617B6939100DE1A97 /* BSThemeManager_iOS7.m */; };
		009C9EEC17B694B000DE1A97 /* BSThemeManager_iOS6_andBelow.m in Sources */ = {isa = PBXBuildFile; fileRef = 009C9EEB17B694B000DE1A97 /* BSThemeManager_iOS6_andBelow.m */; };
		009C9EED17B694B000DE1A97 /* BSThemeManager_iOS6_andBelow.m in Sources */ = {isa = PBXBuildFile; fileRef = 009C9EEB17B694B000DE1A97 /* BSThemeManager_iOS6_andBelow.m */; };
		00A5D43B17B6AA0B003F81B5 /* BSEntryDetailCell.m in Sources */ = {isa = PBXBuildFile; fileRef = 00A5D43A17B6AA0B003F81B5 /* BSEntryDetailCell.m */; };
		00A5D43C17B6AA0B003F81B5 /* BSEntryDetailCell.m in Sources */ = {isa = PBXBuildFile; fileRef = 00A5D43A17B6AA0B003F81B5 /* BSEntryDetailCell.m */; };
		00A5D44317B6AB74003F81B5 /* BSEntryTextDetail.m in Sources */ = {isa = PBXBuildFile; fileRef = 00A5D44217B6AB74003F81B5 /* BSEntryTextDetail.m */; };
		00A5D44417B6AB74003F81B5 /* BSEntryTextDetail.m in Sources */ = {isa = PBXBuildFile; fileRef = 00A5D44217B6AB74003F81B5 /* BSEntryTextDetail.m */; };
		00A5D44717B6AB8F003F81B5 /* BSEntryDateCell.m in Sources */ = {isa = PBXBuildFile; fileRef = 00A5D44617B6AB8F003F81B5 /* BSEntryDateCell.m */; };
		00A5D44817B6AB8F003F81B5 /* BSEntryDateCell.m in Sources */ = {isa = PBXBuildFile; fileRef = 00A5D44617B6AB8F003F81B5 /* BSEntryDateCell.m */; };
		00A5D44B17B6ABB2003F81B5 /* BSEntrySegmentedOptionCell.m in Sources */ = {isa = PBXBuildFile; fileRef = 00A5D44A17B6ABB2003F81B5 /* BSEntrySegmentedOptionCell.m */; };
		00A5D44C17B6ABB2003F81B5 /* BSEntrySegmentedOptionCell.m in Sources */ = {isa = PBXBuildFile; fileRef = 00A5D44A17B6ABB2003F81B5 /* BSEntrySegmentedOptionCell.m */; };
		00A5D44F17B7B3BF003F81B5 /* BSEntryDetailSingleButtonCell.m in Sources */ = {isa = PBXBuildFile; fileRef = 00A5D44E17B7B3BF003F81B5 /* BSEntryDetailSingleButtonCell.m */; };
		00A5D45017B7B3C0003F81B5 /* BSEntryDetailSingleButtonCell.m in Sources */ = {isa = PBXBuildFile; fileRef = 00A5D44E17B7B3BF003F81B5 /* BSEntryDetailSingleButtonCell.m */; };
		00A5DB7617C12DC300FCE765 /* BSTriangularAccesoryView.m in Sources */ = {isa = PBXBuildFile; fileRef = 00A5DB7517C12DC300FCE765 /* BSTriangularAccesoryView.m */; };
		00A5DB7717C12DC300FCE765 /* BSTriangularAccesoryView.m in Sources */ = {isa = PBXBuildFile; fileRef = 00A5DB7517C12DC300FCE765 /* BSTriangularAccesoryView.m */; };
		00A8BAB117F61E5B00AD7A54 /* BSYearlyExpensesSummaryTests.m in Sources */ = {isa = PBXBuildFile; fileRef = 00A8BAB017F61E5B00AD7A54 /* BSYearlyExpensesSummaryTests.m */; };
		00BEAFBB17771FC400A59EE2 /* libDateTimeHelper.a in Frameworks */ = {isa = PBXBuildFile; fileRef = 00BEAFB817771F4300A59EE2 /* libDateTimeHelper.a */; };
		00BEAFBC17771FCF00A59EE2 /* libDateTimeHelper.a in Frameworks */ = {isa = PBXBuildFile; fileRef = 00BEAFB817771F4300A59EE2 /* libDateTimeHelper.a */; };
		00BEAFCA17775D6C00A59EE2 /* BSDailyEntryHeaderView.m in Sources */ = {isa = PBXBuildFile; fileRef = 00BEAFC717775D6C00A59EE2 /* BSDailyEntryHeaderView.m */; };
		00BEAFCB17775D6C00A59EE2 /* BSDailyEntryHeaderView.m in Sources */ = {isa = PBXBuildFile; fileRef = 00BEAFC717775D6C00A59EE2 /* BSDailyEntryHeaderView.m */; };
		00BEAFCC17775D6C00A59EE2 /* BSDailySummanryEntryCell.m in Sources */ = {isa = PBXBuildFile; fileRef = 00BEAFC917775D6C00A59EE2 /* BSDailySummanryEntryCell.m */; };
		00BEAFCD17775D6C00A59EE2 /* BSDailySummanryEntryCell.m in Sources */ = {isa = PBXBuildFile; fileRef = 00BEAFC917775D6C00A59EE2 /* BSDailySummanryEntryCell.m */; };
		00BEAFD017775DA400A59EE2 /* BSMonthlyExpensesSummaryViewController.m in Sources */ = {isa = PBXBuildFile; fileRef = 00BEAFCF17775DA400A59EE2 /* BSMonthlyExpensesSummaryViewController.m */; };
		00BEAFD117775DA400A59EE2 /* BSMonthlyExpensesSummaryViewController.m in Sources */ = {isa = PBXBuildFile; fileRef = 00BEAFCF17775DA400A59EE2 /* BSMonthlyExpensesSummaryViewController.m */; };
		00BEAFD417775F2900A59EE2 /* BSMonthlySummaryEntryCell.m in Sources */ = {isa = PBXBuildFile; fileRef = 00BEAFD317775F2900A59EE2 /* BSMonthlySummaryEntryCell.m */; };
		00BEAFD517775F2900A59EE2 /* BSMonthlySummaryEntryCell.m in Sources */ = {isa = PBXBuildFile; fileRef = 00BEAFD317775F2900A59EE2 /* BSMonthlySummaryEntryCell.m */; };
		00BEAFD81779BB3C00A59EE2 /* BSEntryDetailsViewController.m in Sources */ = {isa = PBXBuildFile; fileRef = 00BEAFD71779BB3C00A59EE2 /* BSEntryDetailsViewController.m */; };
		00BEAFD91779BB3C00A59EE2 /* BSEntryDetailsViewController.m in Sources */ = {isa = PBXBuildFile; fileRef = 00BEAFD71779BB3C00A59EE2 /* BSEntryDetailsViewController.m */; };
		00C3F88417DA4A1500613514 /* BSEntryDetailDatePickerCell.m in Sources */ = {isa = PBXBuildFile; fileRef = 00C3F88317DA4A1500613514 /* BSEntryDetailDatePickerCell.m */; };
		00C3F88517DA4A1500613514 /* BSEntryDetailDatePickerCell.m in Sources */ = {isa = PBXBuildFile; fileRef = 00C3F88317DA4A1500613514 /* BSEntryDetailDatePickerCell.m */; };
		00D7E0F1178DE50F00474A30 /* BSNavigationControllerViewController.m in Sources */ = {isa = PBXBuildFile; fileRef = 00D7E0F0178DE50F00474A30 /* BSNavigationControllerViewController.m */; };
		00D7E0F2178DE50F00474A30 /* BSNavigationControllerViewController.m in Sources */ = {isa = PBXBuildFile; fileRef = 00D7E0F0178DE50F00474A30 /* BSNavigationControllerViewController.m */; };
		00D7E0F5178F3A5000474A30 /* BSMonthlyGridLayout.m in Sources */ = {isa = PBXBuildFile; fileRef = 00D7E0F4178F3A5000474A30 /* BSMonthlyGridLayout.m */; };
		00D7E0F6178F3A5000474A30 /* BSMonthlyGridLayout.m in Sources */ = {isa = PBXBuildFile; fileRef = 00D7E0F4178F3A5000474A30 /* BSMonthlyGridLayout.m */; };
		00D7E0F9178F40A100474A30 /* BSDailyLayout.m in Sources */ = {isa = PBXBuildFile; fileRef = 00D7E0F8178F40A100474A30 /* BSDailyLayout.m */; };
		00D7E0FA178F40A100474A30 /* BSDailyLayout.m in Sources */ = {isa = PBXBuildFile; fileRef = 00D7E0F8178F40A100474A30 /* BSDailyLayout.m */; };
		00D7E0FD178F491200474A30 /* BSSingleEntryCell.m in Sources */ = {isa = PBXBuildFile; fileRef = 00D7E0FC178F491200474A30 /* BSSingleEntryCell.m */; };
		00D7E0FE178F491200474A30 /* BSSingleEntryCell.m in Sources */ = {isa = PBXBuildFile; fileRef = 00D7E0FC178F491200474A30 /* BSSingleEntryCell.m */; };
		00E9F16C177F1A2C00A1A212 /* BSBaseExpenseCell.m in Sources */ = {isa = PBXBuildFile; fileRef = 00E9F16B177F1A2C00A1A212 /* BSBaseExpenseCell.m */; };
		00E9F16D177F1A2C00A1A212 /* BSBaseExpenseCell.m in Sources */ = {isa = PBXBuildFile; fileRef = 00E9F16B177F1A2C00A1A212 /* BSBaseExpenseCell.m */; };
		00E9F174177F2E1F00A1A212 /* BSCurrencyHelper.m in Sources */ = {isa = PBXBuildFile; fileRef = 00E9F173177F2E1F00A1A212 /* BSCurrencyHelper.m */; };
		00E9F175177F2E1F00A1A212 /* BSCurrencyHelper.m in Sources */ = {isa = PBXBuildFile; fileRef = 00E9F173177F2E1F00A1A212 /* BSCurrencyHelper.m */; };
		00E9F178177F47E000A1A212 /* BSDailyExpensesSummaryViewController.m in Sources */ = {isa = PBXBuildFile; fileRef = 00E9F177177F47E000A1A212 /* BSDailyExpensesSummaryViewController.m */; };
		00E9F179177F47E000A1A212 /* BSDailyExpensesSummaryViewController.m in Sources */ = {isa = PBXBuildFile; fileRef = 00E9F177177F47E000A1A212 /* BSDailyExpensesSummaryViewController.m */; };
		00E9F17B1780500C00A1A212 /* BSMonthlyExpensesSummaryTests.m in Sources */ = {isa = PBXBuildFile; fileRef = 00E9F17A1780500C00A1A212 /* BSMonthlyExpensesSummaryTests.m */; };
		00F8144B1775FC4000F2D0A8 /* BSIndividualExpensesSummaryViewController.m in Sources */ = {isa = PBXBuildFile; fileRef = 00F8144A1775FC4000F2D0A8 /* BSIndividualExpensesSummaryViewController.m */; };
		00F8144C1775FC4000F2D0A8 /* BSIndividualExpensesSummaryViewController.m in Sources */ = {isa = PBXBuildFile; fileRef = 00F8144A1775FC4000F2D0A8 /* BSIndividualExpensesSummaryViewController.m */; };
/* End PBXBuildFile section */

/* Begin PBXContainerItemProxy section */
		007B826F177476780052FE84 /* PBXContainerItemProxy */ = {
			isa = PBXContainerItemProxy;
			containerPortal = 007B8241177476780052FE84 /* Project object */;
			proxyType = 1;
			remoteGlobalIDString = 007B8248177476780052FE84;
			remoteInfo = Expenses;
		};
		007B83101775A3660052FE84 /* PBXContainerItemProxy */ = {
			isa = PBXContainerItemProxy;
			containerPortal = 007B83081775A0A00052FE84 /* CoreDataStackHelper.xcodeproj */;
			proxyType = 2;
			remoteGlobalIDString = 007B828A17747A020052FE84;
			remoteInfo = CoreDataStackHelper;
		};
		007B83121775A3660052FE84 /* PBXContainerItemProxy */ = {
			isa = PBXContainerItemProxy;
			containerPortal = 007B83081775A0A00052FE84 /* CoreDataStackHelper.xcodeproj */;
			proxyType = 2;
			remoteGlobalIDString = 007B829A17747A020052FE84;
			remoteInfo = CoreDataStackHelperTests;
		};
		00BEAFB717771F4300A59EE2 /* PBXContainerItemProxy */ = {
			isa = PBXContainerItemProxy;
			containerPortal = 00BEAFB017771F4300A59EE2 /* DateTimeHelper.xcodeproj */;
			proxyType = 2;
			remoteGlobalIDString = 00BEAF8717771DFB00A59EE2;
			remoteInfo = DateTimeHelper;
		};
		00BEAFB917771F4300A59EE2 /* PBXContainerItemProxy */ = {
			isa = PBXContainerItemProxy;
			containerPortal = 00BEAFB017771F4300A59EE2 /* DateTimeHelper.xcodeproj */;
			proxyType = 2;
			remoteGlobalIDString = 00BEAF9717771DFB00A59EE2;
			remoteInfo = DateTimeHelperTests;
		};
/* End PBXContainerItemProxy section */

/* Begin PBXFileReference section */
		000481E91780C67A00E7F401 /* BSDailyExpensesSummaryTests.m */ = {isa = PBXFileReference; fileEncoding = 4; lastKnownFileType = sourcecode.c.objc; path = BSDailyExpensesSummaryTests.m; sourceTree = "<group>"; };
		000481EB1780CEEA00E7F401 /* BSPerEntrySummaryTests.m */ = {isa = PBXFileReference; fileEncoding = 4; lastKnownFileType = sourcecode.c.objc; path = BSPerEntrySummaryTests.m; sourceTree = "<group>"; };
		000D047E1775A92F002D0AB8 /* libKiwi.a */ = {isa = PBXFileReference; lastKnownFileType = archive.ar; name = libKiwi.a; path = "../Kiwi/build/Debug-iphoneos/libKiwi.a"; sourceTree = "<group>"; };
		000D04E21775BD56002D0AB8 /* Entry.h */ = {isa = PBXFileReference; fileEncoding = 4; lastKnownFileType = sourcecode.c.h; path = Entry.h; sourceTree = "<group>"; };
		000D04E31775BD56002D0AB8 /* Entry.m */ = {isa = PBXFileReference; fileEncoding = 4; lastKnownFileType = sourcecode.c.objc; path = Entry.m; sourceTree = "<group>"; };
		000D04E71775C8C5002D0AB8 /* BSBaseExpensesSummaryViewController.h */ = {isa = PBXFileReference; fileEncoding = 4; lastKnownFileType = sourcecode.c.h; path = BSBaseExpensesSummaryViewController.h; sourceTree = "<group>"; };
		000D04E81775C8C5002D0AB8 /* BSBaseExpensesSummaryViewController.m */ = {isa = PBXFileReference; fileEncoding = 4; lastKnownFileType = sourcecode.c.objc; path = BSBaseExpensesSummaryViewController.m; sourceTree = "<group>"; };
		000D04F21775C96C002D0AB8 /* Storyboard.storyboard */ = {isa = PBXFileReference; fileEncoding = 4; lastKnownFileType = file.storyboard; path = Storyboard.storyboard; sourceTree = "<group>"; };
		000D04F51775D20F002D0AB8 /* BSCoreDataController.h */ = {isa = PBXFileReference; fileEncoding = 4; lastKnownFileType = sourcecode.c.h; path = BSCoreDataController.h; sourceTree = "<group>"; };
		000D04F61775D20F002D0AB8 /* BSCoreDataController.m */ = {isa = PBXFileReference; fileEncoding = 4; lastKnownFileType = sourcecode.c.objc; path = BSCoreDataController.m; sourceTree = "<group>"; };
		000D04F91775D3D1002D0AB8 /* BSCoreDataControllerDelegateProtocol.h */ = {isa = PBXFileReference; fileEncoding = 4; lastKnownFileType = sourcecode.c.h; path = BSCoreDataControllerDelegateProtocol.h; sourceTree = "<group>"; };
		005DF5EA178B58A500DC1800 /* BSGraphView.h */ = {isa = PBXFileReference; fileEncoding = 4; lastKnownFileType = sourcecode.c.h; path = BSGraphView.h; sourceTree = "<group>"; };
		005DF5EB178B58A500DC1800 /* BSGraphView.m */ = {isa = PBXFileReference; fileEncoding = 4; lastKnownFileType = sourcecode.c.objc; path = BSGraphView.m; sourceTree = "<group>"; };
		005DF5F2178B5A9A00DC1800 /* LineGraph.h */ = {isa = PBXFileReference; fileEncoding = 4; lastKnownFileType = sourcecode.c.h; path = LineGraph.h; sourceTree = "<group>"; };
		005DF5F3178B5A9A00DC1800 /* LineGraph.m */ = {isa = PBXFileReference; fileEncoding = 4; lastKnownFileType = sourcecode.c.objc; path = LineGraph.m; sourceTree = "<group>"; };
		005DF5F6178CA9D300DC1800 /* BSGraphViewController.h */ = {isa = PBXFileReference; fileEncoding = 4; lastKnownFileType = sourcecode.c.h; path = BSGraphViewController.h; sourceTree = "<group>"; };
		005DF5F7178CA9D300DC1800 /* BSGraphViewController.m */ = {isa = PBXFileReference; fileEncoding = 4; lastKnownFileType = sourcecode.c.objc; path = BSGraphViewController.m; sourceTree = "<group>"; };
		00735EB21788351200725DFD /* BSYearlyExpensesSummaryViewController.h */ = {isa = PBXFileReference; fileEncoding = 4; lastKnownFileType = sourcecode.c.h; path = BSYearlyExpensesSummaryViewController.h; sourceTree = "<group>"; };
		00735EB31788351200725DFD /* BSYearlyExpensesSummaryViewController.m */ = {isa = PBXFileReference; fileEncoding = 4; lastKnownFileType = sourcecode.c.objc; path = BSYearlyExpensesSummaryViewController.m; sourceTree = "<group>"; };
		00735EB6178835CD00725DFD /* BSYearlySummaryEntryCell.h */ = {isa = PBXFileReference; fileEncoding = 4; lastKnownFileType = sourcecode.c.h; path = BSYearlySummaryEntryCell.h; sourceTree = "<group>"; };
		007B8249177476780052FE84 /* Expensit.app */ = {isa = PBXFileReference; explicitFileType = wrapper.application; includeInIndex = 0; path = Expensit.app; sourceTree = BUILT_PRODUCTS_DIR; };
		007B824C177476780052FE84 /* Foundation.framework */ = {isa = PBXFileReference; lastKnownFileType = wrapper.framework; name = Foundation.framework; path = System/Library/Frameworks/Foundation.framework; sourceTree = SDKROOT; };
		007B824E177476780052FE84 /* CoreGraphics.framework */ = {isa = PBXFileReference; lastKnownFileType = wrapper.framework; name = CoreGraphics.framework; path = System/Library/Frameworks/CoreGraphics.framework; sourceTree = SDKROOT; };
		007B8250177476780052FE84 /* UIKit.framework */ = {isa = PBXFileReference; lastKnownFileType = wrapper.framework; name = UIKit.framework; path = System/Library/Frameworks/UIKit.framework; sourceTree = SDKROOT; };
		007B8252177476780052FE84 /* CoreData.framework */ = {isa = PBXFileReference; lastKnownFileType = wrapper.framework; name = CoreData.framework; path = System/Library/Frameworks/CoreData.framework; sourceTree = SDKROOT; };
		007B8256177476780052FE84 /* Expenses-Info.plist */ = {isa = PBXFileReference; lastKnownFileType = text.plist.xml; path = "Expenses-Info.plist"; sourceTree = "<group>"; };
		007B8258177476780052FE84 /* en */ = {isa = PBXFileReference; lastKnownFileType = text.plist.strings; name = en; path = en.lproj/InfoPlist.strings; sourceTree = "<group>"; };
		007B825A177476780052FE84 /* main.m */ = {isa = PBXFileReference; lastKnownFileType = sourcecode.c.objc; path = main.m; sourceTree = "<group>"; };
		007B825C177476780052FE84 /* Expenses-Prefix.pch */ = {isa = PBXFileReference; lastKnownFileType = sourcecode.c.h; path = "Expenses-Prefix.pch"; sourceTree = "<group>"; };
		007B825D177476780052FE84 /* BSAppDelegate.h */ = {isa = PBXFileReference; lastKnownFileType = sourcecode.c.h; path = BSAppDelegate.h; sourceTree = "<group>"; };
		007B825E177476780052FE84 /* BSAppDelegate.m */ = {isa = PBXFileReference; lastKnownFileType = sourcecode.c.objc; path = BSAppDelegate.m; sourceTree = "<group>"; };
		007B8261177476780052FE84 /* Expenses.xcdatamodel */ = {isa = PBXFileReference; lastKnownFileType = wrapper.xcdatamodel; path = Expenses.xcdatamodel; sourceTree = "<group>"; };
		007B8263177476780052FE84 /* Images.xcassets */ = {isa = PBXFileReference; lastKnownFileType = folder.assetcatalog; path = Images.xcassets; sourceTree = "<group>"; };
		007B8269177476780052FE84 /* ExpensesTests.xctest */ = {isa = PBXFileReference; explicitFileType = wrapper.cfbundle; includeInIndex = 0; path = ExpensesTests.xctest; sourceTree = BUILT_PRODUCTS_DIR; };
		007B826A177476780052FE84 /* XCTest.framework */ = {isa = PBXFileReference; lastKnownFileType = wrapper.framework; name = XCTest.framework; path = Library/Frameworks/XCTest.framework; sourceTree = DEVELOPER_DIR; };
		007B8273177476780052FE84 /* ExpensesTests-Info.plist */ = {isa = PBXFileReference; lastKnownFileType = text.plist.xml; path = "ExpensesTests-Info.plist"; sourceTree = "<group>"; };
		007B8275177476780052FE84 /* en */ = {isa = PBXFileReference; lastKnownFileType = text.plist.strings; name = en; path = en.lproj/InfoPlist.strings; sourceTree = "<group>"; };
		007B82C0177591860052FE84 /* libCoreDataStackHelper.a */ = {isa = PBXFileReference; lastKnownFileType = archive.ar; name = libCoreDataStackHelper.a; path = "../CoreDataStackHelper/build/Debug-iphoneos/libCoreDataStackHelper.a"; sourceTree = "<group>"; };
		007B82C2177591A20052FE84 /* libCoreDataStackHelper.a */ = {isa = PBXFileReference; lastKnownFileType = archive.ar; name = libCoreDataStackHelper.a; path = "../CoreDataStackHelper/build/Debug-iphoneos/libCoreDataStackHelper.a"; sourceTree = "<group>"; };
		007B83051775A0370052FE84 /* libCoreDataStackHelper.a */ = {isa = PBXFileReference; lastKnownFileType = archive.ar; name = libCoreDataStackHelper.a; path = "../../../Library/Developer/Xcode/DerivedData/ExpensesAppWorkspace-cpawapuscsryhtapnkcwxzdyiduh/Build/Products/Debug-iphoneos/libCoreDataStackHelper.a"; sourceTree = "<group>"; };
		007B83081775A0A00052FE84 /* CoreDataStackHelper.xcodeproj */ = {isa = PBXFileReference; lastKnownFileType = "wrapper.pb-project"; name = CoreDataStackHelper.xcodeproj; path = ../CoreDataStackHelper/CoreDataStackHelper.xcodeproj; sourceTree = "<group>"; };
		0089F8B817FA3038000DFEC6 /* libOCMock.a */ = {isa = PBXFileReference; lastKnownFileType = archive.ar; name = libOCMock.a; path = ExpensesTests/OCMock/libOCMock.a; sourceTree = "<group>"; };
		008C36AA17988E7200AFD340 /* BSBaseExpensesSummaryViewController+Protected.h */ = {isa = PBXFileReference; fileEncoding = 4; lastKnownFileType = sourcecode.c.h; path = "BSBaseExpensesSummaryViewController+Protected.h"; sourceTree = "<group>"; };
		009C9EDC17B68F5300DE1A97 /* BSUIThemeProtocol.h */ = {isa = PBXFileReference; fileEncoding = 4; lastKnownFileType = sourcecode.c.h; path = BSUIThemeProtocol.h; sourceTree = "<group>"; };
		009C9EDD17B68FD300DE1A97 /* BSGreenTheme.h */ = {isa = PBXFileReference; fileEncoding = 4; lastKnownFileType = sourcecode.c.h; path = BSGreenTheme.h; sourceTree = "<group>"; };
		009C9EDE17B68FD300DE1A97 /* BSGreenTheme.m */ = {isa = PBXFileReference; fileEncoding = 4; lastKnownFileType = sourcecode.c.objc; path = BSGreenTheme.m; sourceTree = "<group>"; };
		009C9EE117B6912900DE1A97 /* BSThemeManager.h */ = {isa = PBXFileReference; fileEncoding = 4; lastKnownFileType = sourcecode.c.h; path = BSThemeManager.h; sourceTree = "<group>"; };
		009C9EE217B6912900DE1A97 /* BSThemeManager.m */ = {isa = PBXFileReference; fileEncoding = 4; lastKnownFileType = sourcecode.c.objc; path = BSThemeManager.m; sourceTree = "<group>"; };
		009C9EE517B6939100DE1A97 /* BSThemeManager_iOS7.h */ = {isa = PBXFileReference; fileEncoding = 4; lastKnownFileType = sourcecode.c.h; path = BSThemeManager_iOS7.h; sourceTree = "<group>"; };
		009C9EE617B6939100DE1A97 /* BSThemeManager_iOS7.m */ = {isa = PBXFileReference; fileEncoding = 4; lastKnownFileType = sourcecode.c.objc; path = BSThemeManager_iOS7.m; sourceTree = "<group>"; };
		009C9EE917B693CC00DE1A97 /* BSThemeManager+Protected.h */ = {isa = PBXFileReference; fileEncoding = 4; lastKnownFileType = sourcecode.c.h; path = "BSThemeManager+Protected.h"; sourceTree = "<group>"; };
		009C9EEA17B694B000DE1A97 /* BSThemeManager_iOS6_andBelow.h */ = {isa = PBXFileReference; fileEncoding = 4; lastKnownFileType = sourcecode.c.h; path = BSThemeManager_iOS6_andBelow.h; sourceTree = "<group>"; };
		009C9EEB17B694B000DE1A97 /* BSThemeManager_iOS6_andBelow.m */ = {isa = PBXFileReference; fileEncoding = 4; lastKnownFileType = sourcecode.c.objc; path = BSThemeManager_iOS6_andBelow.m; sourceTree = "<group>"; };
		00A5D43917B6AA0B003F81B5 /* BSEntryDetailCell.h */ = {isa = PBXFileReference; fileEncoding = 4; lastKnownFileType = sourcecode.c.h; path = BSEntryDetailCell.h; sourceTree = "<group>"; };
		00A5D43A17B6AA0B003F81B5 /* BSEntryDetailCell.m */ = {isa = PBXFileReference; fileEncoding = 4; lastKnownFileType = sourcecode.c.objc; path = BSEntryDetailCell.m; sourceTree = "<group>"; };
		00A5D44117B6AB74003F81B5 /* BSEntryTextDetail.h */ = {isa = PBXFileReference; fileEncoding = 4; lastKnownFileType = sourcecode.c.h; path = BSEntryTextDetail.h; sourceTree = "<group>"; };
		00A5D44217B6AB74003F81B5 /* BSEntryTextDetail.m */ = {isa = PBXFileReference; fileEncoding = 4; lastKnownFileType = sourcecode.c.objc; path = BSEntryTextDetail.m; sourceTree = "<group>"; };
		00A5D44517B6AB8F003F81B5 /* BSEntryDateCell.h */ = {isa = PBXFileReference; fileEncoding = 4; lastKnownFileType = sourcecode.c.h; path = BSEntryDateCell.h; sourceTree = "<group>"; };
		00A5D44617B6AB8F003F81B5 /* BSEntryDateCell.m */ = {isa = PBXFileReference; fileEncoding = 4; lastKnownFileType = sourcecode.c.objc; path = BSEntryDateCell.m; sourceTree = "<group>"; };
		00A5D44917B6ABB2003F81B5 /* BSEntrySegmentedOptionCell.h */ = {isa = PBXFileReference; fileEncoding = 4; lastKnownFileType = sourcecode.c.h; path = BSEntrySegmentedOptionCell.h; sourceTree = "<group>"; };
		00A5D44A17B6ABB2003F81B5 /* BSEntrySegmentedOptionCell.m */ = {isa = PBXFileReference; fileEncoding = 4; lastKnownFileType = sourcecode.c.objc; path = BSEntrySegmentedOptionCell.m; sourceTree = "<group>"; };
		00A5D44D17B7B3BF003F81B5 /* BSEntryDetailSingleButtonCell.h */ = {isa = PBXFileReference; fileEncoding = 4; lastKnownFileType = sourcecode.c.h; path = BSEntryDetailSingleButtonCell.h; sourceTree = "<group>"; };
		00A5D44E17B7B3BF003F81B5 /* BSEntryDetailSingleButtonCell.m */ = {isa = PBXFileReference; fileEncoding = 4; lastKnownFileType = sourcecode.c.objc; path = BSEntryDetailSingleButtonCell.m; sourceTree = "<group>"; };
		00A5D45117B7D398003F81B5 /* BSConstants.h */ = {isa = PBXFileReference; fileEncoding = 4; lastKnownFileType = sourcecode.c.h; path = BSConstants.h; sourceTree = "<group>"; };
		00A5DB7417C12DC300FCE765 /* BSTriangularAccesoryView.h */ = {isa = PBXFileReference; fileEncoding = 4; lastKnownFileType = sourcecode.c.h; path = BSTriangularAccesoryView.h; sourceTree = "<group>"; };
		00A5DB7517C12DC300FCE765 /* BSTriangularAccesoryView.m */ = {isa = PBXFileReference; fileEncoding = 4; lastKnownFileType = sourcecode.c.objc; path = BSTriangularAccesoryView.m; sourceTree = "<group>"; };
		00A8BAB017F61E5B00AD7A54 /* BSYearlyExpensesSummaryTests.m */ = {isa = PBXFileReference; fileEncoding = 4; lastKnownFileType = sourcecode.c.objc; path = BSYearlyExpensesSummaryTests.m; sourceTree = "<group>"; };
		00BEAFB017771F4300A59EE2 /* DateTimeHelper.xcodeproj */ = {isa = PBXFileReference; lastKnownFileType = "wrapper.pb-project"; name = DateTimeHelper.xcodeproj; path = ../DateTimeHelper/DateTimeHelper.xcodeproj; sourceTree = "<group>"; };
		00BEAFC617775D6C00A59EE2 /* BSDailyEntryHeaderView.h */ = {isa = PBXFileReference; fileEncoding = 4; lastKnownFileType = sourcecode.c.h; path = BSDailyEntryHeaderView.h; sourceTree = "<group>"; };
		00BEAFC717775D6C00A59EE2 /* BSDailyEntryHeaderView.m */ = {isa = PBXFileReference; fileEncoding = 4; lastKnownFileType = sourcecode.c.objc; path = BSDailyEntryHeaderView.m; sourceTree = "<group>"; };
		00BEAFC817775D6C00A59EE2 /* BSDailySummanryEntryCell.h */ = {isa = PBXFileReference; fileEncoding = 4; lastKnownFileType = sourcecode.c.h; path = BSDailySummanryEntryCell.h; sourceTree = "<group>"; };
		00BEAFC917775D6C00A59EE2 /* BSDailySummanryEntryCell.m */ = {isa = PBXFileReference; fileEncoding = 4; lastKnownFileType = sourcecode.c.objc; path = BSDailySummanryEntryCell.m; sourceTree = "<group>"; };
		00BEAFCE17775DA400A59EE2 /* BSMonthlyExpensesSummaryViewController.h */ = {isa = PBXFileReference; fileEncoding = 4; lastKnownFileType = sourcecode.c.h; path = BSMonthlyExpensesSummaryViewController.h; sourceTree = "<group>"; };
		00BEAFCF17775DA400A59EE2 /* BSMonthlyExpensesSummaryViewController.m */ = {isa = PBXFileReference; fileEncoding = 4; lastKnownFileType = sourcecode.c.objc; path = BSMonthlyExpensesSummaryViewController.m; sourceTree = "<group>"; };
		00BEAFD217775F2900A59EE2 /* BSMonthlySummaryEntryCell.h */ = {isa = PBXFileReference; fileEncoding = 4; lastKnownFileType = sourcecode.c.h; path = BSMonthlySummaryEntryCell.h; sourceTree = "<group>"; };
		00BEAFD317775F2900A59EE2 /* BSMonthlySummaryEntryCell.m */ = {isa = PBXFileReference; fileEncoding = 4; lastKnownFileType = sourcecode.c.objc; path = BSMonthlySummaryEntryCell.m; sourceTree = "<group>"; };
		00BEAFD61779BB3C00A59EE2 /* BSEntryDetailsViewController.h */ = {isa = PBXFileReference; fileEncoding = 4; lastKnownFileType = sourcecode.c.h; path = BSEntryDetailsViewController.h; sourceTree = "<group>"; };
		00BEAFD71779BB3C00A59EE2 /* BSEntryDetailsViewController.m */ = {isa = PBXFileReference; fileEncoding = 4; lastKnownFileType = sourcecode.c.objc; path = BSEntryDetailsViewController.m; sourceTree = "<group>"; };
		00C3F88217DA4A1500613514 /* BSEntryDetailDatePickerCell.h */ = {isa = PBXFileReference; fileEncoding = 4; lastKnownFileType = sourcecode.c.h; path = BSEntryDetailDatePickerCell.h; sourceTree = "<group>"; };
		00C3F88317DA4A1500613514 /* BSEntryDetailDatePickerCell.m */ = {isa = PBXFileReference; fileEncoding = 4; lastKnownFileType = sourcecode.c.objc; path = BSEntryDetailDatePickerCell.m; sourceTree = "<group>"; };
		00D7E0EF178DE50F00474A30 /* BSNavigationControllerViewController.h */ = {isa = PBXFileReference; fileEncoding = 4; lastKnownFileType = sourcecode.c.h; path = BSNavigationControllerViewController.h; sourceTree = "<group>"; };
		00D7E0F0178DE50F00474A30 /* BSNavigationControllerViewController.m */ = {isa = PBXFileReference; fileEncoding = 4; lastKnownFileType = sourcecode.c.objc; path = BSNavigationControllerViewController.m; sourceTree = "<group>"; };
		00D7E0F3178F3A5000474A30 /* BSMonthlyGridLayout.h */ = {isa = PBXFileReference; fileEncoding = 4; lastKnownFileType = sourcecode.c.h; path = BSMonthlyGridLayout.h; sourceTree = "<group>"; };
		00D7E0F4178F3A5000474A30 /* BSMonthlyGridLayout.m */ = {isa = PBXFileReference; fileEncoding = 4; lastKnownFileType = sourcecode.c.objc; path = BSMonthlyGridLayout.m; sourceTree = "<group>"; };
		00D7E0F7178F40A100474A30 /* BSDailyLayout.h */ = {isa = PBXFileReference; fileEncoding = 4; lastKnownFileType = sourcecode.c.h; path = BSDailyLayout.h; sourceTree = "<group>"; };
		00D7E0F8178F40A100474A30 /* BSDailyLayout.m */ = {isa = PBXFileReference; fileEncoding = 4; lastKnownFileType = sourcecode.c.objc; path = BSDailyLayout.m; sourceTree = "<group>"; };
		00D7E0FB178F491200474A30 /* BSSingleEntryCell.h */ = {isa = PBXFileReference; fileEncoding = 4; lastKnownFileType = sourcecode.c.h; path = BSSingleEntryCell.h; sourceTree = "<group>"; };
		00D7E0FC178F491200474A30 /* BSSingleEntryCell.m */ = {isa = PBXFileReference; fileEncoding = 4; lastKnownFileType = sourcecode.c.objc; path = BSSingleEntryCell.m; sourceTree = "<group>"; };
		00E9F16A177F1A2C00A1A212 /* BSBaseExpenseCell.h */ = {isa = PBXFileReference; fileEncoding = 4; lastKnownFileType = sourcecode.c.h; path = BSBaseExpenseCell.h; sourceTree = "<group>"; };
		00E9F16B177F1A2C00A1A212 /* BSBaseExpenseCell.m */ = {isa = PBXFileReference; fileEncoding = 4; lastKnownFileType = sourcecode.c.objc; path = BSBaseExpenseCell.m; sourceTree = "<group>"; };
		00E9F172177F2E1F00A1A212 /* BSCurrencyHelper.h */ = {isa = PBXFileReference; fileEncoding = 4; lastKnownFileType = sourcecode.c.h; path = BSCurrencyHelper.h; sourceTree = "<group>"; };
		00E9F173177F2E1F00A1A212 /* BSCurrencyHelper.m */ = {isa = PBXFileReference; fileEncoding = 4; lastKnownFileType = sourcecode.c.objc; path = BSCurrencyHelper.m; sourceTree = "<group>"; };
		00E9F176177F47E000A1A212 /* BSDailyExpensesSummaryViewController.h */ = {isa = PBXFileReference; fileEncoding = 4; lastKnownFileType = sourcecode.c.h; path = BSDailyExpensesSummaryViewController.h; sourceTree = "<group>"; };
		00E9F177177F47E000A1A212 /* BSDailyExpensesSummaryViewController.m */ = {isa = PBXFileReference; fileEncoding = 4; lastKnownFileType = sourcecode.c.objc; path = BSDailyExpensesSummaryViewController.m; sourceTree = "<group>"; };
		00E9F17A1780500C00A1A212 /* BSMonthlyExpensesSummaryTests.m */ = {isa = PBXFileReference; fileEncoding = 4; lastKnownFileType = sourcecode.c.objc; path = BSMonthlyExpensesSummaryTests.m; sourceTree = "<group>"; };
		00F814491775FC4000F2D0A8 /* BSIndividualExpensesSummaryViewController.h */ = {isa = PBXFileReference; fileEncoding = 4; lastKnownFileType = sourcecode.c.h; path = BSIndividualExpensesSummaryViewController.h; sourceTree = "<group>"; };
		00F8144A1775FC4000F2D0A8 /* BSIndividualExpensesSummaryViewController.m */ = {isa = PBXFileReference; fileEncoding = 4; lastKnownFileType = sourcecode.c.objc; path = BSIndividualExpensesSummaryViewController.m; sourceTree = "<group>"; };
/* End PBXFileReference section */

/* Begin PBXFrameworksBuildPhase section */
		007B8246177476780052FE84 /* Frameworks */ = {
			isa = PBXFrameworksBuildPhase;
			buildActionMask = 2147483647;
			files = (
				00BEAFBB17771FC400A59EE2 /* libDateTimeHelper.a in Frameworks */,
				007B83061775A0370052FE84 /* libCoreDataStackHelper.a in Frameworks */,
				007B824F177476780052FE84 /* CoreGraphics.framework in Frameworks */,
				007B8253177476780052FE84 /* CoreData.framework in Frameworks */,
				007B8251177476780052FE84 /* UIKit.framework in Frameworks */,
				007B824D177476780052FE84 /* Foundation.framework in Frameworks */,
			);
			runOnlyForDeploymentPostprocessing = 0;
		};
		007B8266177476780052FE84 /* Frameworks */ = {
			isa = PBXFrameworksBuildPhase;
			buildActionMask = 2147483647;
			files = (
				0089F8B917FA3038000DFEC6 /* libOCMock.a in Frameworks */,
				00BEAFBC17771FCF00A59EE2 /* libDateTimeHelper.a in Frameworks */,
				007B83071775A03E0052FE84 /* libCoreDataStackHelper.a in Frameworks */,
				007B826B177476780052FE84 /* XCTest.framework in Frameworks */,
				007B826E177476780052FE84 /* CoreData.framework in Frameworks */,
				007B826D177476780052FE84 /* UIKit.framework in Frameworks */,
				007B826C177476780052FE84 /* Foundation.framework in Frameworks */,
			);
			runOnlyForDeploymentPostprocessing = 0;
		};
/* End PBXFrameworksBuildPhase section */

/* Begin PBXGroup section */
		000D04E11775BD56002D0AB8 /* Models */ = {
			isa = PBXGroup;
			children = (
				000D04E21775BD56002D0AB8 /* Entry.h */,
				000D04E31775BD56002D0AB8 /* Entry.m */,
				000D04F51775D20F002D0AB8 /* BSCoreDataController.h */,
				000D04F61775D20F002D0AB8 /* BSCoreDataController.m */,
				000D04F91775D3D1002D0AB8 /* BSCoreDataControllerDelegateProtocol.h */,
				00E9F172177F2E1F00A1A212 /* BSCurrencyHelper.h */,
				00E9F173177F2E1F00A1A212 /* BSCurrencyHelper.m */,
			);
			path = Models;
			sourceTree = "<group>";
		};
		000D04E61775C864002D0AB8 /* ViewControllers */ = {
			isa = PBXGroup;
			children = (
				000D04E71775C8C5002D0AB8 /* BSBaseExpensesSummaryViewController.h */,
				000D04E81775C8C5002D0AB8 /* BSBaseExpensesSummaryViewController.m */,
				00F814491775FC4000F2D0A8 /* BSIndividualExpensesSummaryViewController.h */,
				00F8144A1775FC4000F2D0A8 /* BSIndividualExpensesSummaryViewController.m */,
				00BEAFCE17775DA400A59EE2 /* BSMonthlyExpensesSummaryViewController.h */,
				00BEAFCF17775DA400A59EE2 /* BSMonthlyExpensesSummaryViewController.m */,
				00BEAFD61779BB3C00A59EE2 /* BSEntryDetailsViewController.h */,
				00BEAFD71779BB3C00A59EE2 /* BSEntryDetailsViewController.m */,
				00E9F176177F47E000A1A212 /* BSDailyExpensesSummaryViewController.h */,
				00E9F177177F47E000A1A212 /* BSDailyExpensesSummaryViewController.m */,
				00735EB21788351200725DFD /* BSYearlyExpensesSummaryViewController.h */,
				00735EB31788351200725DFD /* BSYearlyExpensesSummaryViewController.m */,
				005DF5F6178CA9D300DC1800 /* BSGraphViewController.h */,
				005DF5F7178CA9D300DC1800 /* BSGraphViewController.m */,
				00D7E0EF178DE50F00474A30 /* BSNavigationControllerViewController.h */,
				00D7E0F0178DE50F00474A30 /* BSNavigationControllerViewController.m */,
				008C36AA17988E7200AFD340 /* BSBaseExpensesSummaryViewController+Protected.h */,
			);
			path = ViewControllers;
			sourceTree = "<group>";
		};
		007B8240177476780052FE84 = {
			isa = PBXGroup;
			children = (
				007B83141775A3C40052FE84 /* Dependencies */,
				007B8254177476780052FE84 /* Expenses */,
				007B8271177476780052FE84 /* ExpensesTests */,
				007B824B177476780052FE84 /* Frameworks */,
				007B824A177476780052FE84 /* Products */,
			);
			sourceTree = "<group>";
		};
		007B824A177476780052FE84 /* Products */ = {
			isa = PBXGroup;
			children = (
				007B8249177476780052FE84 /* Expensit.app */,
				007B8269177476780052FE84 /* ExpensesTests.xctest */,
			);
			name = Products;
			sourceTree = "<group>";
		};
		007B824B177476780052FE84 /* Frameworks */ = {
			isa = PBXGroup;
			children = (
				0089F8B817FA3038000DFEC6 /* libOCMock.a */,
				000D047E1775A92F002D0AB8 /* libKiwi.a */,
				007B83051775A0370052FE84 /* libCoreDataStackHelper.a */,
				007B82C2177591A20052FE84 /* libCoreDataStackHelper.a */,
				007B82C0177591860052FE84 /* libCoreDataStackHelper.a */,
				007B824C177476780052FE84 /* Foundation.framework */,
				007B824E177476780052FE84 /* CoreGraphics.framework */,
				007B8250177476780052FE84 /* UIKit.framework */,
				007B8252177476780052FE84 /* CoreData.framework */,
				007B826A177476780052FE84 /* XCTest.framework */,
			);
			name = Frameworks;
			sourceTree = "<group>";
		};
		007B8254177476780052FE84 /* Expenses */ = {
			isa = PBXGroup;
			children = (
				007B83151775A6330052FE84 /* src */,
				007B825D177476780052FE84 /* BSAppDelegate.h */,
				007B825E177476780052FE84 /* BSAppDelegate.m */,
				007B8263177476780052FE84 /* Images.xcassets */,
				007B8260177476780052FE84 /* Expenses.xcdatamodeld */,
				007B8255177476780052FE84 /* Supporting Files */,
			);
			path = Expenses;
			sourceTree = "<group>";
		};
		007B8255177476780052FE84 /* Supporting Files */ = {
			isa = PBXGroup;
			children = (
				007B8256177476780052FE84 /* Expenses-Info.plist */,
				007B8257177476780052FE84 /* InfoPlist.strings */,
				007B825A177476780052FE84 /* main.m */,
				007B825C177476780052FE84 /* Expenses-Prefix.pch */,
				000D04F21775C96C002D0AB8 /* Storyboard.storyboard */,
			);
			name = "Supporting Files";
			sourceTree = "<group>";
		};
		007B8271177476780052FE84 /* ExpensesTests */ = {
			isa = PBXGroup;
			children = (
				007B8272177476780052FE84 /* Supporting Files */,
				00E9F17A1780500C00A1A212 /* BSMonthlyExpensesSummaryTests.m */,
				00A8BAB017F61E5B00AD7A54 /* BSYearlyExpensesSummaryTests.m */,
				000481E91780C67A00E7F401 /* BSDailyExpensesSummaryTests.m */,
				000481EB1780CEEA00E7F401 /* BSPerEntrySummaryTests.m */,
			);
			path = ExpensesTests;
			sourceTree = "<group>";
		};
		007B8272177476780052FE84 /* Supporting Files */ = {
			isa = PBXGroup;
			children = (
				007B8273177476780052FE84 /* ExpensesTests-Info.plist */,
				007B8274177476780052FE84 /* InfoPlist.strings */,
			);
			name = "Supporting Files";
			sourceTree = "<group>";
		};
		007B830C1775A3660052FE84 /* Products */ = {
			isa = PBXGroup;
			children = (
				007B83111775A3660052FE84 /* libCoreDataStackHelper.a */,
				007B83131775A3660052FE84 /* CoreDataStackHelperTests.xctest */,
			);
			name = Products;
			sourceTree = "<group>";
		};
		007B83141775A3C40052FE84 /* Dependencies */ = {
			isa = PBXGroup;
			children = (
				00BEAFB017771F4300A59EE2 /* DateTimeHelper.xcodeproj */,
				007B83081775A0A00052FE84 /* CoreDataStackHelper.xcodeproj */,
			);
			name = Dependencies;
			sourceTree = "<group>";
		};
		007B83151775A6330052FE84 /* src */ = {
			isa = PBXGroup;
			children = (
				00BEAFC517775D6C00A59EE2 /* Views */,
				000D04E61775C864002D0AB8 /* ViewControllers */,
				000D04E11775BD56002D0AB8 /* Models */,
				00A5D45117B7D398003F81B5 /* BSConstants.h */,
			);
			path = src;
			sourceTree = "<group>";
		};
		009C9EDB17B68F2A00DE1A97 /* Themes */ = {
			isa = PBXGroup;
			children = (
				009C9EDC17B68F5300DE1A97 /* BSUIThemeProtocol.h */,
				009C9EDD17B68FD300DE1A97 /* BSGreenTheme.h */,
				009C9EDE17B68FD300DE1A97 /* BSGreenTheme.m */,
				009C9EE117B6912900DE1A97 /* BSThemeManager.h */,
				009C9EE217B6912900DE1A97 /* BSThemeManager.m */,
				009C9EE517B6939100DE1A97 /* BSThemeManager_iOS7.h */,
				009C9EE617B6939100DE1A97 /* BSThemeManager_iOS7.m */,
				009C9EE917B693CC00DE1A97 /* BSThemeManager+Protected.h */,
				009C9EEA17B694B000DE1A97 /* BSThemeManager_iOS6_andBelow.h */,
				009C9EEB17B694B000DE1A97 /* BSThemeManager_iOS6_andBelow.m */,
			);
			name = Themes;
			sourceTree = "<group>";
		};
		00BEAFB117771F4300A59EE2 /* Products */ = {
			isa = PBXGroup;
			children = (
				00BEAFB817771F4300A59EE2 /* libDateTimeHelper.a */,
				00BEAFBA17771F4300A59EE2 /* DateTimeHelperTests.xctest */,
			);
			name = Products;
			sourceTree = "<group>";
		};
		00BEAFC517775D6C00A59EE2 /* Views */ = {
			isa = PBXGroup;
			children = (
				009C9EDB17B68F2A00DE1A97 /* Themes */,
				005DF5F2178B5A9A00DC1800 /* LineGraph.h */,
				005DF5F3178B5A9A00DC1800 /* LineGraph.m */,
				00BEAFC617775D6C00A59EE2 /* BSDailyEntryHeaderView.h */,
				00BEAFC717775D6C00A59EE2 /* BSDailyEntryHeaderView.m */,
				00BEAFC817775D6C00A59EE2 /* BSDailySummanryEntryCell.h */,
				00BEAFC917775D6C00A59EE2 /* BSDailySummanryEntryCell.m */,
				00BEAFD217775F2900A59EE2 /* BSMonthlySummaryEntryCell.h */,
				00BEAFD317775F2900A59EE2 /* BSMonthlySummaryEntryCell.m */,
				00E9F16A177F1A2C00A1A212 /* BSBaseExpenseCell.h */,
				00E9F16B177F1A2C00A1A212 /* BSBaseExpenseCell.m */,
				00735EB6178835CD00725DFD /* BSYearlySummaryEntryCell.h */,
				005DF5EA178B58A500DC1800 /* BSGraphView.h */,
				005DF5EB178B58A500DC1800 /* BSGraphView.m */,
				00D7E0F3178F3A5000474A30 /* BSMonthlyGridLayout.h */,
				00D7E0F4178F3A5000474A30 /* BSMonthlyGridLayout.m */,
				00D7E0F7178F40A100474A30 /* BSDailyLayout.h */,
				00D7E0F8178F40A100474A30 /* BSDailyLayout.m */,
				00D7E0FB178F491200474A30 /* BSSingleEntryCell.h */,
				00D7E0FC178F491200474A30 /* BSSingleEntryCell.m */,
				00A5D43917B6AA0B003F81B5 /* BSEntryDetailCell.h */,
				00A5D43A17B6AA0B003F81B5 /* BSEntryDetailCell.m */,
				00A5D44117B6AB74003F81B5 /* BSEntryTextDetail.h */,
				00A5D44217B6AB74003F81B5 /* BSEntryTextDetail.m */,
				00A5D44D17B7B3BF003F81B5 /* BSEntryDetailSingleButtonCell.h */,
				00A5D44E17B7B3BF003F81B5 /* BSEntryDetailSingleButtonCell.m */,
				00A5D44517B6AB8F003F81B5 /* BSEntryDateCell.h */,
				00A5D44617B6AB8F003F81B5 /* BSEntryDateCell.m */,
				00C3F88217DA4A1500613514 /* BSEntryDetailDatePickerCell.h */,
				00C3F88317DA4A1500613514 /* BSEntryDetailDatePickerCell.m */,
				00A5D44917B6ABB2003F81B5 /* BSEntrySegmentedOptionCell.h */,
				00A5D44A17B6ABB2003F81B5 /* BSEntrySegmentedOptionCell.m */,
				00A5DB7417C12DC300FCE765 /* BSTriangularAccesoryView.h */,
				00A5DB7517C12DC300FCE765 /* BSTriangularAccesoryView.m */,
			);
			path = Views;
			sourceTree = "<group>";
		};
/* End PBXGroup section */

/* Begin PBXNativeTarget section */
		007B8248177476780052FE84 /* Expensit */ = {
			isa = PBXNativeTarget;
			buildConfigurationList = 007B827B177476780052FE84 /* Build configuration list for PBXNativeTarget "Expensit" */;
			buildPhases = (
				007B8245177476780052FE84 /* Sources */,
				007B8246177476780052FE84 /* Frameworks */,
				007B8247177476780052FE84 /* Resources */,
			);
			buildRules = (
			);
			dependencies = (
			);
			name = Expensit;
			productName = Expenses;
			productReference = 007B8249177476780052FE84 /* Expensit.app */;
			productType = "com.apple.product-type.application";
		};
		007B8268177476780052FE84 /* ExpensesTests */ = {
			isa = PBXNativeTarget;
			buildConfigurationList = 007B827E177476780052FE84 /* Build configuration list for PBXNativeTarget "ExpensesTests" */;
			buildPhases = (
				007B8265177476780052FE84 /* Sources */,
				007B8266177476780052FE84 /* Frameworks */,
				007B8267177476780052FE84 /* Resources */,
			);
			buildRules = (
			);
			dependencies = (
				007B8270177476780052FE84 /* PBXTargetDependency */,
			);
			name = ExpensesTests;
			productName = ExpensesTests;
			productReference = 007B8269177476780052FE84 /* ExpensesTests.xctest */;
			productType = "com.apple.product-type.bundle.unit-test";
		};
/* End PBXNativeTarget section */

/* Begin PBXProject section */
		007B8241177476780052FE84 /* Project object */ = {
			isa = PBXProject;
			attributes = {
				CLASSPREFIX = BS;
				LastUpgradeCheck = 0500;
				ORGANIZATIONNAME = "Borja Arias Drake";
				TargetAttributes = {
					007B8248177476780052FE84 = {
						DevelopmentTeam = HDWMV7DY5P;
					};
					007B8268177476780052FE84 = {
						TestTargetID = 007B8248177476780052FE84;
					};
				};
			};
			buildConfigurationList = 007B8244177476780052FE84 /* Build configuration list for PBXProject "Expenses" */;
			compatibilityVersion = "Xcode 3.2";
			developmentRegion = English;
			hasScannedForEncodings = 0;
			knownRegions = (
				en,
			);
			mainGroup = 007B8240177476780052FE84;
			productRefGroup = 007B824A177476780052FE84 /* Products */;
			projectDirPath = "";
			projectReferences = (
				{
					ProductGroup = 007B830C1775A3660052FE84 /* Products */;
					ProjectRef = 007B83081775A0A00052FE84 /* CoreDataStackHelper.xcodeproj */;
				},
				{
					ProductGroup = 00BEAFB117771F4300A59EE2 /* Products */;
					ProjectRef = 00BEAFB017771F4300A59EE2 /* DateTimeHelper.xcodeproj */;
				},
			);
			projectRoot = "";
			targets = (
				007B8248177476780052FE84 /* Expensit */,
				007B8268177476780052FE84 /* ExpensesTests */,
			);
		};
/* End PBXProject section */

/* Begin PBXReferenceProxy section */
		007B83111775A3660052FE84 /* libCoreDataStackHelper.a */ = {
			isa = PBXReferenceProxy;
			fileType = archive.ar;
			path = libCoreDataStackHelper.a;
			remoteRef = 007B83101775A3660052FE84 /* PBXContainerItemProxy */;
			sourceTree = BUILT_PRODUCTS_DIR;
		};
		007B83131775A3660052FE84 /* CoreDataStackHelperTests.xctest */ = {
			isa = PBXReferenceProxy;
			fileType = wrapper.cfbundle;
			path = CoreDataStackHelperTests.xctest;
			remoteRef = 007B83121775A3660052FE84 /* PBXContainerItemProxy */;
			sourceTree = BUILT_PRODUCTS_DIR;
		};
		00BEAFB817771F4300A59EE2 /* libDateTimeHelper.a */ = {
			isa = PBXReferenceProxy;
			fileType = archive.ar;
			path = libDateTimeHelper.a;
			remoteRef = 00BEAFB717771F4300A59EE2 /* PBXContainerItemProxy */;
			sourceTree = BUILT_PRODUCTS_DIR;
		};
		00BEAFBA17771F4300A59EE2 /* DateTimeHelperTests.xctest */ = {
			isa = PBXReferenceProxy;
			fileType = wrapper.cfbundle;
			path = DateTimeHelperTests.xctest;
			remoteRef = 00BEAFB917771F4300A59EE2 /* PBXContainerItemProxy */;
			sourceTree = BUILT_PRODUCTS_DIR;
		};
/* End PBXReferenceProxy section */

/* Begin PBXResourcesBuildPhase section */
		007B8247177476780052FE84 /* Resources */ = {
			isa = PBXResourcesBuildPhase;
			buildActionMask = 2147483647;
			files = (
				007B8259177476780052FE84 /* InfoPlist.strings in Resources */,
				007B83091775A0A00052FE84 /* CoreDataStackHelper.xcodeproj in Resources */,
				007B8264177476780052FE84 /* Images.xcassets in Resources */,
				000D04F31775C96C002D0AB8 /* Storyboard.storyboard in Resources */,
			);
			runOnlyForDeploymentPostprocessing = 0;
		};
		007B8267177476780052FE84 /* Resources */ = {
			isa = PBXResourcesBuildPhase;
			buildActionMask = 2147483647;
			files = (
				000D04F41775C96C002D0AB8 /* Storyboard.storyboard in Resources */,
				007B830A1775A0A00052FE84 /* CoreDataStackHelper.xcodeproj in Resources */,
				007B8276177476780052FE84 /* InfoPlist.strings in Resources */,
			);
			runOnlyForDeploymentPostprocessing = 0;
		};
/* End PBXResourcesBuildPhase section */

/* Begin PBXSourcesBuildPhase section */
		007B8245177476780052FE84 /* Sources */ = {
			isa = PBXSourcesBuildPhase;
			buildActionMask = 2147483647;
			files = (
				00BEAFD81779BB3C00A59EE2 /* BSEntryDetailsViewController.m in Sources */,
				00A5D44317B6AB74003F81B5 /* BSEntryTextDetail.m in Sources */,
				000D04E41775BD56002D0AB8 /* Entry.m in Sources */,
				009C9EDF17B68FD300DE1A97 /* BSGreenTheme.m in Sources */,
				005DF5EC178B58A500DC1800 /* BSGraphView.m in Sources */,
				007B825B177476780052FE84 /* main.m in Sources */,
				005DF5F8178CA9D300DC1800 /* BSGraphViewController.m in Sources */,
				009C9EE717B6939100DE1A97 /* BSThemeManager_iOS7.m in Sources */,
				00E9F16C177F1A2C00A1A212 /* BSBaseExpenseCell.m in Sources */,
				00A5D43B17B6AA0B003F81B5 /* BSEntryDetailCell.m in Sources */,
				007B8262177476780052FE84 /* Expenses.xcdatamodeld in Sources */,
				00A5DB7617C12DC300FCE765 /* BSTriangularAccesoryView.m in Sources */,
				00735EB41788351200725DFD /* BSYearlyExpensesSummaryViewController.m in Sources */,
				000D04F71775D20F002D0AB8 /* BSCoreDataController.m in Sources */,
				00BEAFCA17775D6C00A59EE2 /* BSDailyEntryHeaderView.m in Sources */,
				00BEAFD017775DA400A59EE2 /* BSMonthlyExpensesSummaryViewController.m in Sources */,
				009C9EE317B6912900DE1A97 /* BSThemeManager.m in Sources */,
				007B825F177476780052FE84 /* BSAppDelegate.m in Sources */,
				00A5D44717B6AB8F003F81B5 /* BSEntryDateCell.m in Sources */,
				00A5D44F17B7B3BF003F81B5 /* BSEntryDetailSingleButtonCell.m in Sources */,
				00F8144B1775FC4000F2D0A8 /* BSIndividualExpensesSummaryViewController.m in Sources */,
				00BEAFCC17775D6C00A59EE2 /* BSDailySummanryEntryCell.m in Sources */,
				00C3F88417DA4A1500613514 /* BSEntryDetailDatePickerCell.m in Sources */,
				00A5D44B17B6ABB2003F81B5 /* BSEntrySegmentedOptionCell.m in Sources */,
				00D7E0FD178F491200474A30 /* BSSingleEntryCell.m in Sources */,
				00E9F174177F2E1F00A1A212 /* BSCurrencyHelper.m in Sources */,
				00BEAFD417775F2900A59EE2 /* BSMonthlySummaryEntryCell.m in Sources */,
				00E9F178177F47E000A1A212 /* BSDailyExpensesSummaryViewController.m in Sources */,
				00D7E0F5178F3A5000474A30 /* BSMonthlyGridLayout.m in Sources */,
				00D7E0F1178DE50F00474A30 /* BSNavigationControllerViewController.m in Sources */,
				009C9EEC17B694B000DE1A97 /* BSThemeManager_iOS6_andBelow.m in Sources */,
				005DF5F4178B5A9A00DC1800 /* LineGraph.m in Sources */,
				00D7E0F9178F40A100474A30 /* BSDailyLayout.m in Sources */,
				000D04EA1775C8C5002D0AB8 /* BSBaseExpensesSummaryViewController.m in Sources */,
			);
			runOnlyForDeploymentPostprocessing = 0;
		};
		007B8265177476780052FE84 /* Sources */ = {
			isa = PBXSourcesBuildPhase;
			buildActionMask = 2147483647;
			files = (
				00BEAFD91779BB3C00A59EE2 /* BSEntryDetailsViewController.m in Sources */,
				00E9F175177F2E1F00A1A212 /* BSCurrencyHelper.m in Sources */,
				000481EC1780CEEA00E7F401 /* BSPerEntrySummaryTests.m in Sources */,
				00A5D44417B6AB74003F81B5 /* BSEntryTextDetail.m in Sources */,
				000D04E51775BD56002D0AB8 /* Entry.m in Sources */,
				00A5D43C17B6AA0B003F81B5 /* BSEntryDetailCell.m in Sources */,
				005DF5F9178CA9D300DC1800 /* BSGraphViewController.m in Sources */,
				00BEAFCB17775D6C00A59EE2 /* BSDailyEntryHeaderView.m in Sources */,
				000D04F81775D20F002D0AB8 /* BSCoreDataController.m in Sources */,
				009C9EED17B694B000DE1A97 /* BSThemeManager_iOS6_andBelow.m in Sources */,
				005DF5ED178B58A500DC1800 /* BSGraphView.m in Sources */,
				005DF5F5178B5A9A00DC1800 /* LineGraph.m in Sources */,
				00BEAFD517775F2900A59EE2 /* BSMonthlySummaryEntryCell.m in Sources */,
				00E9F16D177F1A2C00A1A212 /* BSBaseExpenseCell.m in Sources */,
				00D7E0FA178F40A100474A30 /* BSDailyLayout.m in Sources */,
				009C9EE417B6912900DE1A97 /* BSThemeManager.m in Sources */,
				000481E817805C8700E7F401 /* Expenses.xcdatamodeld in Sources */,
				009C9EE817B6939100DE1A97 /* BSThemeManager_iOS7.m in Sources */,
				00E9F179177F47E000A1A212 /* BSDailyExpensesSummaryViewController.m in Sources */,
				00A5D44C17B6ABB2003F81B5 /* BSEntrySegmentedOptionCell.m in Sources */,
				00BEAFD117775DA400A59EE2 /* BSMonthlyExpensesSummaryViewController.m in Sources */,
				00D7E0F6178F3A5000474A30 /* BSMonthlyGridLayout.m in Sources */,
				00F8144C1775FC4000F2D0A8 /* BSIndividualExpensesSummaryViewController.m in Sources */,
				00E9F17B1780500C00A1A212 /* BSMonthlyExpensesSummaryTests.m in Sources */,
				00A5D44817B6AB8F003F81B5 /* BSEntryDateCell.m in Sources */,
				000481EA1780C67A00E7F401 /* BSDailyExpensesSummaryTests.m in Sources */,
				00D7E0F2178DE50F00474A30 /* BSNavigationControllerViewController.m in Sources */,
				00A5DB7717C12DC300FCE765 /* BSTriangularAccesoryView.m in Sources */,
				00A5D45017B7B3C0003F81B5 /* BSEntryDetailSingleButtonCell.m in Sources */,
				00735EB51788351200725DFD /* BSYearlyExpensesSummaryViewController.m in Sources */,
				00C3F88517DA4A1500613514 /* BSEntryDetailDatePickerCell.m in Sources */,
				00BEAFCD17775D6C00A59EE2 /* BSDailySummanryEntryCell.m in Sources */,
				00A8BAB117F61E5B00AD7A54 /* BSYearlyExpensesSummaryTests.m in Sources */,
				009C9EE017B68FD300DE1A97 /* BSGreenTheme.m in Sources */,
				000D04EB1775C8C5002D0AB8 /* BSBaseExpensesSummaryViewController.m in Sources */,
				00D7E0FE178F491200474A30 /* BSSingleEntryCell.m in Sources */,
			);
			runOnlyForDeploymentPostprocessing = 0;
		};
/* End PBXSourcesBuildPhase section */

/* Begin PBXTargetDependency section */
		007B8270177476780052FE84 /* PBXTargetDependency */ = {
			isa = PBXTargetDependency;
			target = 007B8248177476780052FE84 /* Expensit */;
			targetProxy = 007B826F177476780052FE84 /* PBXContainerItemProxy */;
		};
/* End PBXTargetDependency section */

/* Begin PBXVariantGroup section */
		007B8257177476780052FE84 /* InfoPlist.strings */ = {
			isa = PBXVariantGroup;
			children = (
				007B8258177476780052FE84 /* en */,
			);
			name = InfoPlist.strings;
			sourceTree = "<group>";
		};
		007B8274177476780052FE84 /* InfoPlist.strings */ = {
			isa = PBXVariantGroup;
			children = (
				007B8275177476780052FE84 /* en */,
			);
			name = InfoPlist.strings;
			sourceTree = "<group>";
		};
/* End PBXVariantGroup section */

/* Begin XCBuildConfiguration section */
		007B8279177476780052FE84 /* Debug */ = {
			isa = XCBuildConfiguration;
			buildSettings = {
				ALWAYS_SEARCH_USER_PATHS = NO;
				CLANG_CXX_LANGUAGE_STANDARD = "gnu++0x";
				CLANG_CXX_LIBRARY = "libc++";
				CLANG_ENABLE_MODULES = YES;
				CLANG_ENABLE_OBJC_ARC = YES;
				CLANG_WARN_BOOL_CONVERSION = YES;
				CLANG_WARN_CONSTANT_CONVERSION = YES;
				CLANG_WARN_DIRECT_OBJC_ISA_USAGE = YES_ERROR;
				CLANG_WARN_EMPTY_BODY = YES;
				CLANG_WARN_ENUM_CONVERSION = YES;
				CLANG_WARN_INT_CONVERSION = YES;
				CLANG_WARN_OBJC_ROOT_CLASS = YES_ERROR;
				CLANG_WARN__DUPLICATE_METHOD_MATCH = YES;
				"CODE_SIGN_IDENTITY[sdk=iphoneos*]" = "iPhone Developer";
				COPY_PHASE_STRIP = NO;
				GCC_C_LANGUAGE_STANDARD = gnu99;
				GCC_DYNAMIC_NO_PIC = NO;
				GCC_OPTIMIZATION_LEVEL = 0;
				GCC_PREPROCESSOR_DEFINITIONS = (
					"DEBUG=1",
					"$(inherited)",
				);
				GCC_SYMBOLS_PRIVATE_EXTERN = NO;
				GCC_WARN_ABOUT_RETURN_TYPE = YES_ERROR;
				GCC_WARN_UNDECLARED_SELECTOR = YES;
				GCC_WARN_UNINITIALIZED_AUTOS = YES;
				GCC_WARN_UNUSED_FUNCTION = YES;
				GCC_WARN_UNUSED_VARIABLE = YES;
				IPHONEOS_DEPLOYMENT_TARGET = 7.0;
				ONLY_ACTIVE_ARCH = YES;
				SDKROOT = iphoneos;
			};
			name = Debug;
		};
		007B827A177476780052FE84 /* Release */ = {
			isa = XCBuildConfiguration;
			buildSettings = {
				ALWAYS_SEARCH_USER_PATHS = NO;
				CLANG_CXX_LANGUAGE_STANDARD = "gnu++0x";
				CLANG_CXX_LIBRARY = "libc++";
				CLANG_ENABLE_MODULES = YES;
				CLANG_ENABLE_OBJC_ARC = YES;
				CLANG_WARN_BOOL_CONVERSION = YES;
				CLANG_WARN_CONSTANT_CONVERSION = YES;
				CLANG_WARN_DIRECT_OBJC_ISA_USAGE = YES_ERROR;
				CLANG_WARN_EMPTY_BODY = YES;
				CLANG_WARN_ENUM_CONVERSION = YES;
				CLANG_WARN_INT_CONVERSION = YES;
				CLANG_WARN_OBJC_ROOT_CLASS = YES_ERROR;
				CLANG_WARN__DUPLICATE_METHOD_MATCH = YES;
				"CODE_SIGN_IDENTITY[sdk=iphoneos*]" = "iPhone Developer";
				COPY_PHASE_STRIP = YES;
				ENABLE_NS_ASSERTIONS = NO;
				GCC_C_LANGUAGE_STANDARD = gnu99;
				GCC_WARN_ABOUT_RETURN_TYPE = YES_ERROR;
				GCC_WARN_UNDECLARED_SELECTOR = YES;
				GCC_WARN_UNINITIALIZED_AUTOS = YES;
				GCC_WARN_UNUSED_FUNCTION = YES;
				GCC_WARN_UNUSED_VARIABLE = YES;
				IPHONEOS_DEPLOYMENT_TARGET = 7.0;
				SDKROOT = iphoneos;
				VALIDATE_PRODUCT = YES;
			};
			name = Release;
		};
		007B827C177476780052FE84 /* Debug */ = {
			isa = XCBuildConfiguration;
			buildSettings = {
				ASSETCATALOG_COMPILER_APPICON_NAME = AppIcon;
				ASSETCATALOG_COMPILER_LAUNCHIMAGE_NAME = LaunchImage;
				CODE_SIGN_IDENTITY = "iPhone Developer: Borja Arias (K2NMFRWB9T)";
				"CODE_SIGN_IDENTITY[sdk=iphoneos*]" = "iPhone Developer: Borja Arias (K2NMFRWB9T)";
				GCC_PRECOMPILE_PREFIX_HEADER = YES;
				GCC_PREFIX_HEADER = "Expenses/Expenses-Prefix.pch";
				HEADER_SEARCH_PATHS = (
					"$(SRCROOT)/../CoreDataStackHelper/CoreDataStackHelper",
					"$(SRCROOT)/../DateTimeHelper/DateTimeHelper",
				);
				INFOPLIST_FILE = "Expenses/Expenses-Info.plist";
				IPHONEOS_DEPLOYMENT_TARGET = 7.0;
				LIBRARY_SEARCH_PATHS = (
					"$(inherited)",
					"$(SRCROOT)/../../../Library/Developer/Xcode/DerivedData/ExpensesAppWorkspace-cpawapuscsryhtapnkcwxzdyiduh/Build/Products/Debug-iphoneos",
				);
				PRODUCT_NAME = "$(TARGET_NAME)";
				PROVISIONING_PROFILE = "";
				WRAPPER_EXTENSION = app;
			};
			name = Debug;
		};
		007B827D177476780052FE84 /* Release */ = {
			isa = XCBuildConfiguration;
			buildSettings = {
				ASSETCATALOG_COMPILER_APPICON_NAME = AppIcon;
				ASSETCATALOG_COMPILER_LAUNCHIMAGE_NAME = LaunchImage;
				"CODE_SIGN_ENTITLEMENTS[sdk=*]" = "";
				CODE_SIGN_IDENTITY = "iPhone Distribution: Borja Arias Drake";
				"CODE_SIGN_IDENTITY[sdk=iphoneos*]" = "iPhone Distribution: Borja Arias Drake";
				GCC_PRECOMPILE_PREFIX_HEADER = YES;
				GCC_PREFIX_HEADER = "Expenses/Expenses-Prefix.pch";
				HEADER_SEARCH_PATHS = (
					"$(SRCROOT)/../CoreDataStackHelper/CoreDataStackHelper",
					"$(SRCROOT)/../DateTimeHelper/DateTimeHelper",
				);
				INFOPLIST_FILE = "Expenses/Expenses-Info.plist";
				IPHONEOS_DEPLOYMENT_TARGET = 7.0;
				LIBRARY_SEARCH_PATHS = (
					"$(inherited)",
					"$(SRCROOT)/../../../Library/Developer/Xcode/DerivedData/ExpensesAppWorkspace-cpawapuscsryhtapnkcwxzdyiduh/Build/Products/Debug-iphoneos",
				);
				PRODUCT_NAME = "$(TARGET_NAME)";
				PROVISIONING_PROFILE = "";
				WRAPPER_EXTENSION = app;
			};
			name = Release;
		};
		007B827F177476780052FE84 /* Debug */ = {
			isa = XCBuildConfiguration;
			buildSettings = {
				BUNDLE_LOADER = "$(BUILT_PRODUCTS_DIR)/Expensit.app/Expensit";
				FRAMEWORK_SEARCH_PATHS = (
					"$(SDKROOT)/Developer/Library/Frameworks",
					"$(inherited)",
					"$(DEVELOPER_FRAMEWORKS_DIR)",
				);
				GCC_PRECOMPILE_PREFIX_HEADER = YES;
				GCC_PREFIX_HEADER = "Expenses/Expenses-Prefix.pch";
				GCC_PREPROCESSOR_DEFINITIONS = (
					"DEBUG=1",
					"$(inherited)",
				);
				HEADER_SEARCH_PATHS = (
					"$(SRCROOT)/../CoreDataStackHelper/CoreDataStackHelper",
					"$(SRCROOT)/../DateTimeHelper/DateTimeHelper",
					"$(SRCROOT)/ExpensesTests/OCMock/Headers",
				);
				INFOPLIST_FILE = "ExpensesTests/ExpensesTests-Info.plist";
				LIBRARY_SEARCH_PATHS = (
					"$(inherited)",
					"$(SRCROOT)/../../../Library/Developer/Xcode/DerivedData/ExpensesAppWorkspace-cpawapuscsryhtapnkcwxzdyiduh/Build/Products/Debug-iphonesimulator",
					"/Users/borja/code/Objective-C/Expenses/ExpensesTests/OCMock",
				);
				OTHER_LDFLAGS = (
					"$(inherited)",
					"-framework",
					XCTest,
					"-ObjC",
					"-force_load",
					"$(SRCROOT)/ExpensesTests/OCMock/libOCMock.a",
				);
				PRODUCT_NAME = "$(TARGET_NAME)";
				TEST_HOST = "$(BUNDLE_LOADER)";
				WRAPPER_EXTENSION = xctest;
			};
			name = Debug;
		};
		007B8280177476780052FE84 /* Release */ = {
			isa = XCBuildConfiguration;
			buildSettings = {
				BUNDLE_LOADER = "$(BUILT_PRODUCTS_DIR)/Expensit.app/Expensit";
				FRAMEWORK_SEARCH_PATHS = (
					"$(SDKROOT)/Developer/Library/Frameworks",
					"$(inherited)",
					"$(DEVELOPER_FRAMEWORKS_DIR)",
				);
				GCC_PRECOMPILE_PREFIX_HEADER = YES;
				GCC_PREFIX_HEADER = "Expenses/Expenses-Prefix.pch";
				HEADER_SEARCH_PATHS = (
					"$(SRCROOT)/../CoreDataStackHelper/CoreDataStackHelper",
					"$(SRCROOT)/../DateTimeHelper/DateTimeHelper",
					"$(SRCROOT)/ExpensesTests/OCMock/Headers",
				);
				INFOPLIST_FILE = "ExpensesTests/ExpensesTests-Info.plist";
				LIBRARY_SEARCH_PATHS = (
					"$(inherited)",
					"$(SRCROOT)/../../../Library/Developer/Xcode/DerivedData/ExpensesAppWorkspace-cpawapuscsryhtapnkcwxzdyiduh/Build/Products/Debug-iphonesimulator",
					"/Users/borja/code/Objective-C/Expenses/ExpensesTests/OCMock",
				);
				OTHER_LDFLAGS = (
					"$(inherited)",
					"-framework",
					XCTest,
					"-ObjC",
					"-force_load",
					"$(SRCROOT)/ExpensesTests/OCMock/libOCMock.a",
				);
				PRODUCT_NAME = "$(TARGET_NAME)";
				TEST_HOST = "$(BUNDLE_LOADER)";
				WRAPPER_EXTENSION = xctest;
			};
			name = Release;
		};
/* End XCBuildConfiguration section */

/* Begin XCConfigurationList section */
		007B8244177476780052FE84 /* Build configuration list for PBXProject "Expenses" */ = {
			isa = XCConfigurationList;
			buildConfigurations = (
				007B8279177476780052FE84 /* Debug */,
				007B827A177476780052FE84 /* Release */,
			);
			defaultConfigurationIsVisible = 0;
			defaultConfigurationName = Release;
		};
		007B827B177476780052FE84 /* Build configuration list for PBXNativeTarget "Expensit" */ = {
			isa = XCConfigurationList;
			buildConfigurations = (
				007B827C177476780052FE84 /* Debug */,
				007B827D177476780052FE84 /* Release */,
			);
			defaultConfigurationIsVisible = 0;
			defaultConfigurationName = Release;
		};
		007B827E177476780052FE84 /* Build configuration list for PBXNativeTarget "ExpensesTests" */ = {
			isa = XCConfigurationList;
			buildConfigurations = (
				007B827F177476780052FE84 /* Debug */,
				007B8280177476780052FE84 /* Release */,
			);
			defaultConfigurationIsVisible = 0;
			defaultConfigurationName = Release;
		};
/* End XCConfigurationList section */

/* Begin XCVersionGroup section */
		007B8260177476780052FE84 /* Expenses.xcdatamodeld */ = {
			isa = XCVersionGroup;
			children = (
				007B8261177476780052FE84 /* Expenses.xcdatamodel */,
			);
			currentVersion = 007B8261177476780052FE84 /* Expenses.xcdatamodel */;
			path = Expenses.xcdatamodeld;
			sourceTree = "<group>";
			versionGroupType = wrapper.xcdatamodel;
		};
/* End XCVersionGroup section */
	};
	rootObject = 007B8241177476780052FE84 /* Project object */;
}
